// !$*UTF8*$!
{
	archiveVersion = 1;
	classes = {
	};
	objectVersion = 46;
	objects = {

/* Begin PBXBuildFile section */
		ABE75045197FFAE900659E86 /* Foundation.framework in Frameworks */ = {isa = PBXBuildFile; fileRef = ABE75044197FFAE900659E86 /* Foundation.framework */; };
		ABE75047197FFAE900659E86 /* CoreGraphics.framework in Frameworks */ = {isa = PBXBuildFile; fileRef = ABE75046197FFAE900659E86 /* CoreGraphics.framework */; };
		ABE75049197FFAE900659E86 /* UIKit.framework in Frameworks */ = {isa = PBXBuildFile; fileRef = ABE75048197FFAE900659E86 /* UIKit.framework */; };
		ABE7504F197FFAE900659E86 /* InfoPlist.strings in Resources */ = {isa = PBXBuildFile; fileRef = ABE7504D197FFAE900659E86 /* InfoPlist.strings */; };
		ABE75051197FFAE900659E86 /* main.m in Sources */ = {isa = PBXBuildFile; fileRef = ABE75050197FFAE900659E86 /* main.m */; };
		ABE75055197FFAE900659E86 /* MFLAppDelegate.m in Sources */ = {isa = PBXBuildFile; fileRef = ABE75054197FFAE900659E86 /* MFLAppDelegate.m */; };
		ABE75057197FFAE900659E86 /* Images.xcassets in Resources */ = {isa = PBXBuildFile; fileRef = ABE75056197FFAE900659E86 /* Images.xcassets */; };
		ABE7505E197FFAE900659E86 /* XCTest.framework in Frameworks */ = {isa = PBXBuildFile; fileRef = ABE7505D197FFAE900659E86 /* XCTest.framework */; };
		ABE7505F197FFAE900659E86 /* Foundation.framework in Frameworks */ = {isa = PBXBuildFile; fileRef = ABE75044197FFAE900659E86 /* Foundation.framework */; };
		ABE75060197FFAE900659E86 /* UIKit.framework in Frameworks */ = {isa = PBXBuildFile; fileRef = ABE75048197FFAE900659E86 /* UIKit.framework */; };
		ABE75068197FFAE900659E86 /* InfoPlist.strings in Resources */ = {isa = PBXBuildFile; fileRef = ABE75066197FFAE900659E86 /* InfoPlist.strings */; };
		ABE7506A197FFAE900659E86 /* List_AppTests.m in Sources */ = {isa = PBXBuildFile; fileRef = ABE75069197FFAE900659E86 /* List_AppTests.m */; };
/* End PBXBuildFile section */

/* Begin PBXContainerItemProxy section */
		ABE75061197FFAE900659E86 /* PBXContainerItemProxy */ = {
			isa = PBXContainerItemProxy;
			containerPortal = ABE75039197FFAE900659E86 /* Project object */;
			proxyType = 1;
			remoteGlobalIDString = ABE75040197FFAE900659E86;
			remoteInfo = "List App";
		};
/* End PBXContainerItemProxy section */

/* Begin PBXFileReference section */
		ABE75041197FFAE900659E86 /* List App.app */ = {isa = PBXFileReference; explicitFileType = wrapper.application; includeInIndex = 0; path = "List App.app"; sourceTree = BUILT_PRODUCTS_DIR; };
		ABE75044197FFAE900659E86 /* Foundation.framework */ = {isa = PBXFileReference; lastKnownFileType = wrapper.framework; name = Foundation.framework; path = System/Library/Frameworks/Foundation.framework; sourceTree = SDKROOT; };
		ABE75046197FFAE900659E86 /* CoreGraphics.framework */ = {isa = PBXFileReference; lastKnownFileType = wrapper.framework; name = CoreGraphics.framework; path = System/Library/Frameworks/CoreGraphics.framework; sourceTree = SDKROOT; };
		ABE75048197FFAE900659E86 /* UIKit.framework */ = {isa = PBXFileReference; lastKnownFileType = wrapper.framework; name = UIKit.framework; path = System/Library/Frameworks/UIKit.framework; sourceTree = SDKROOT; };
		ABE7504C197FFAE900659E86 /* List App-Info.plist */ = {isa = PBXFileReference; lastKnownFileType = text.plist.xml; path = "List App-Info.plist"; sourceTree = "<group>"; };
		ABE7504E197FFAE900659E86 /* en */ = {isa = PBXFileReference; lastKnownFileType = text.plist.strings; name = en; path = en.lproj/InfoPlist.strings; sourceTree = "<group>"; };
		ABE75050197FFAE900659E86 /* main.m */ = {isa = PBXFileReference; lastKnownFileType = sourcecode.c.objc; path = main.m; sourceTree = "<group>"; };
		ABE75052197FFAE900659E86 /* List App-Prefix.pch */ = {isa = PBXFileReference; lastKnownFileType = sourcecode.c.h; path = "List App-Prefix.pch"; sourceTree = "<group>"; };
		ABE75053197FFAE900659E86 /* MFLAppDelegate.h */ = {isa = PBXFileReference; lastKnownFileType = sourcecode.c.h; path = MFLAppDelegate.h; sourceTree = "<group>"; };
		ABE75054197FFAE900659E86 /* MFLAppDelegate.m */ = {isa = PBXFileReference; lastKnownFileType = sourcecode.c.objc; path = MFLAppDelegate.m; sourceTree = "<group>"; };
		ABE75056197FFAE900659E86 /* Images.xcassets */ = {isa = PBXFileReference; lastKnownFileType = folder.assetcatalog; path = Images.xcassets; sourceTree = "<group>"; };
		ABE7505C197FFAE900659E86 /* List AppTests.xctest */ = {isa = PBXFileReference; explicitFileType = wrapper.cfbundle; includeInIndex = 0; path = "List AppTests.xctest"; sourceTree = BUILT_PRODUCTS_DIR; };
		ABE7505D197FFAE900659E86 /* XCTest.framework */ = {isa = PBXFileReference; lastKnownFileType = wrapper.framework; name = XCTest.framework; path = Library/Frameworks/XCTest.framework; sourceTree = DEVELOPER_DIR; };
		ABE75065197FFAE900659E86 /* List AppTests-Info.plist */ = {isa = PBXFileReference; lastKnownFileType = text.plist.xml; path = "List AppTests-Info.plist"; sourceTree = "<group>"; };
		ABE75067197FFAE900659E86 /* en */ = {isa = PBXFileReference; lastKnownFileType = text.plist.strings; name = en; path = en.lproj/InfoPlist.strings; sourceTree = "<group>"; };
		ABE75069197FFAE900659E86 /* List_AppTests.m */ = {isa = PBXFileReference; lastKnownFileType = sourcecode.c.objc; path = List_AppTests.m; sourceTree = "<group>"; };
/* End PBXFileReference section */

/* Begin PBXFrameworksBuildPhase section */
		ABE7503E197FFAE900659E86 /* Frameworks */ = {
			isa = PBXFrameworksBuildPhase;
			buildActionMask = 2147483647;
			files = (
				ABE75047197FFAE900659E86 /* CoreGraphics.framework in Frameworks */,
				ABE75049197FFAE900659E86 /* UIKit.framework in Frameworks */,
				ABE75045197FFAE900659E86 /* Foundation.framework in Frameworks */,
			);
			runOnlyForDeploymentPostprocessing = 0;
		};
		ABE75059197FFAE900659E86 /* Frameworks */ = {
			isa = PBXFrameworksBuildPhase;
			buildActionMask = 2147483647;
			files = (
				ABE7505E197FFAE900659E86 /* XCTest.framework in Frameworks */,
				ABE75060197FFAE900659E86 /* UIKit.framework in Frameworks */,
				ABE7505F197FFAE900659E86 /* Foundation.framework in Frameworks */,
			);
			runOnlyForDeploymentPostprocessing = 0;
		};
/* End PBXFrameworksBuildPhase section */

/* Begin PBXGroup section */
		ABE75038197FFAE900659E86 = {
			isa = PBXGroup;
			children = (
				ABE7504A197FFAE900659E86 /* List App */,
				ABE75063197FFAE900659E86 /* List AppTests */,
				ABE75043197FFAE900659E86 /* Frameworks */,
				ABE75042197FFAE900659E86 /* Products */,
			);
			sourceTree = "<group>";
		};
		ABE75042197FFAE900659E86 /* Products */ = {
			isa = PBXGroup;
			children = (
				ABE75041197FFAE900659E86 /* List App.app */,
				ABE7505C197FFAE900659E86 /* List AppTests.xctest */,
			);
			name = Products;
			sourceTree = "<group>";
		};
		ABE75043197FFAE900659E86 /* Frameworks */ = {
			isa = PBXGroup;
			children = (
				ABE75044197FFAE900659E86 /* Foundation.framework */,
				ABE75046197FFAE900659E86 /* CoreGraphics.framework */,
				ABE75048197FFAE900659E86 /* UIKit.framework */,
				ABE7505D197FFAE900659E86 /* XCTest.framework */,
			);
			name = Frameworks;
			sourceTree = "<group>";
		};
		ABE7504A197FFAE900659E86 /* List App */ = {
			isa = PBXGroup;
			children = (
				ABE75053197FFAE900659E86 /* MFLAppDelegate.h */,
				ABE75054197FFAE900659E86 /* MFLAppDelegate.m */,
				ABE75056197FFAE900659E86 /* Images.xcassets */,
				ABE7504B197FFAE900659E86 /* Supporting Files */,
			);
			path = "List App";
			sourceTree = "<group>";
		};
		ABE7504B197FFAE900659E86 /* Supporting Files */ = {
			isa = PBXGroup;
			children = (
				ABE7504C197FFAE900659E86 /* List App-Info.plist */,
				ABE7504D197FFAE900659E86 /* InfoPlist.strings */,
				ABE75050197FFAE900659E86 /* main.m */,
				ABE75052197FFAE900659E86 /* List App-Prefix.pch */,
			);
			name = "Supporting Files";
			sourceTree = "<group>";
		};
		ABE75063197FFAE900659E86 /* List AppTests */ = {
			isa = PBXGroup;
			children = (
				ABE75069197FFAE900659E86 /* List_AppTests.m */,
				ABE75064197FFAE900659E86 /* Supporting Files */,
			);
			path = "List AppTests";
			sourceTree = "<group>";
		};
		ABE75064197FFAE900659E86 /* Supporting Files */ = {
			isa = PBXGroup;
			children = (
				ABE75065197FFAE900659E86 /* List AppTests-Info.plist */,
				ABE75066197FFAE900659E86 /* InfoPlist.strings */,
			);
			name = "Supporting Files";
			sourceTree = "<group>";
		};
/* End PBXGroup section */

/* Begin PBXNativeTarget section */
		ABE75040197FFAE900659E86 /* List App */ = {
			isa = PBXNativeTarget;
			buildConfigurationList = ABE7506D197FFAE900659E86 /* Build configuration list for PBXNativeTarget "List App" */;
			buildPhases = (
				ABE7503D197FFAE900659E86 /* Sources */,
				ABE7503E197FFAE900659E86 /* Frameworks */,
				ABE7503F197FFAE900659E86 /* Resources */,
			);
			buildRules = (
			);
			dependencies = (
			);
			name = "List App";
			productName = "List App";
			productReference = ABE75041197FFAE900659E86 /* List App.app */;
			productType = "com.apple.product-type.application";
		};
		ABE7505B197FFAE900659E86 /* List AppTests */ = {
			isa = PBXNativeTarget;
			buildConfigurationList = ABE75070197FFAE900659E86 /* Build configuration list for PBXNativeTarget "List AppTests" */;
			buildPhases = (
				ABE75058197FFAE900659E86 /* Sources */,
				ABE75059197FFAE900659E86 /* Frameworks */,
				ABE7505A197FFAE900659E86 /* Resources */,
			);
			buildRules = (
			);
			dependencies = (
				ABE75062197FFAE900659E86 /* PBXTargetDependency */,
			);
			name = "List AppTests";
			productName = "List AppTests";
			productReference = ABE7505C197FFAE900659E86 /* List AppTests.xctest */;
			productType = "com.apple.product-type.bundle.unit-test";
		};
/* End PBXNativeTarget section */

/* Begin PBXProject section */
		ABE75039197FFAE900659E86 /* Project object */ = {
			isa = PBXProject;
			attributes = {
				CLASSPREFIX = MFL;
				LastUpgradeCheck = 0510;
				ORGANIZATIONNAME = AwesomeAppDev.com;
				TargetAttributes = {
					ABE7505B197FFAE900659E86 = {
						TestTargetID = ABE75040197FFAE900659E86;
					};
				};
			};
			buildConfigurationList = ABE7503C197FFAE900659E86 /* Build configuration list for PBXProject "List App" */;
			compatibilityVersion = "Xcode 3.2";
			developmentRegion = English;
			hasScannedForEncodings = 0;
			knownRegions = (
				en,
			);
			mainGroup = ABE75038197FFAE900659E86;
			productRefGroup = ABE75042197FFAE900659E86 /* Products */;
			projectDirPath = "";
			projectRoot = "";
			targets = (
				ABE75040197FFAE900659E86 /* List App */,
				ABE7505B197FFAE900659E86 /* List AppTests */,
			);
		};
/* End PBXProject section */

/* Begin PBXResourcesBuildPhase section */
		ABE7503F197FFAE900659E86 /* Resources */ = {
			isa = PBXResourcesBuildPhase;
			buildActionMask = 2147483647;
			files = (
				ABE7504F197FFAE900659E86 /* InfoPlist.strings in Resources */,
				ABE75057197FFAE900659E86 /* Images.xcassets in Resources */,
			);
			runOnlyForDeploymentPostprocessing = 0;
		};
		ABE7505A197FFAE900659E86 /* Resources */ = {
			isa = PBXResourcesBuildPhase;
			buildActionMask = 2147483647;
			files = (
				ABE75068197FFAE900659E86 /* InfoPlist.strings in Resources */,
			);
			runOnlyForDeploymentPostprocessing = 0;
		};
/* End PBXResourcesBuildPhase section */

/* Begin PBXSourcesBuildPhase section */
		ABE7503D197FFAE900659E86 /* Sources */ = {
			isa = PBXSourcesBuildPhase;
			buildActionMask = 2147483647;
			files = (
				ABE75055197FFAE900659E86 /* MFLAppDelegate.m in Sources */,
				ABE75051197FFAE900659E86 /* main.m in Sources */,
			);
			runOnlyForDeploymentPostprocessing = 0;
		};
		ABE75058197FFAE900659E86 /* Sources */ = {
			isa = PBXSourcesBuildPhase;
			buildActionMask = 2147483647;
			files = (
				ABE7506A197FFAE900659E86 /* List_AppTests.m in Sources */,
			);
			runOnlyForDeploymentPostprocessing = 0;
		};
/* End PBXSourcesBuildPhase section */

/* Begin PBXTargetDependency section */
		ABE75062197FFAE900659E86 /* PBXTargetDependency */ = {
			isa = PBXTargetDependency;
			target = ABE75040197FFAE900659E86 /* List App */;
			targetProxy = ABE75061197FFAE900659E86 /* PBXContainerItemProxy */;
		};
/* End PBXTargetDependency section */

/* Begin PBXVariantGroup section */
		ABE7504D197FFAE900659E86 /* InfoPlist.strings */ = {
			isa = PBXVariantGroup;
			children = (
				ABE7504E197FFAE900659E86 /* en */,
			);
			name = InfoPlist.strings;
			sourceTree = "<group>";
		};
		ABE75066197FFAE900659E86 /* InfoPlist.strings */ = {
			isa = PBXVariantGroup;
			children = (
				ABE75067197FFAE900659E86 /* en */,
			);
			name = InfoPlist.strings;
			sourceTree = "<group>";
		};
/* End PBXVariantGroup section */

/* Begin XCBuildConfiguration section */
		ABE7506B197FFAE900659E86 /* Debug */ = {
			isa = XCBuildConfiguration;
			buildSettings = {
				ALWAYS_SEARCH_USER_PATHS = NO;
				CLANG_CXX_LANGUAGE_STANDARD = "gnu++0x";
				CLANG_CXX_LIBRARY = "libc++";
				CLANG_ENABLE_MODULES = YES;
				CLANG_ENABLE_OBJC_ARC = YES;
				CLANG_WARN_BOOL_CONVERSION = YES;
				CLANG_WARN_CONSTANT_CONVERSION = YES;
				CLANG_WARN_DIRECT_OBJC_ISA_USAGE = YES_ERROR;
				CLANG_WARN_EMPTY_BODY = YES;
				CLANG_WARN_ENUM_CONVERSION = YES;
				CLANG_WARN_INT_CONVERSION = YES;
				CLANG_WARN_OBJC_ROOT_CLASS = YES_ERROR;
				CLANG_WARN__DUPLICATE_METHOD_MATCH = YES;
				"CODE_SIGN_IDENTITY[sdk=iphoneos*]" = "iPhone Developer";
				COPY_PHASE_STRIP = NO;
				GCC_C_LANGUAGE_STANDARD = gnu99;
				GCC_DYNAMIC_NO_PIC = NO;
				GCC_OPTIMIZATION_LEVEL = 0;
				GCC_PREPROCESSOR_DEFINITIONS = (
					"DEBUG=1",
					"$(inherited)",
				);
				GCC_SYMBOLS_PRIVATE_EXTERN = NO;
				GCC_WARN_64_TO_32_BIT_CONVERSION = YES;
				GCC_WARN_ABOUT_RETURN_TYPE = YES_ERROR;
				GCC_WARN_UNDECLARED_SELECTOR = YES;
				GCC_WARN_UNINITIALIZED_AUTOS = YES_AGGRESSIVE;
				GCC_WARN_UNUSED_FUNCTION = YES;
				GCC_WARN_UNUSED_VARIABLE = YES;
				IPHONEOS_DEPLOYMENT_TARGET = 7.1;
				ONLY_ACTIVE_ARCH = YES;
				SDKROOT = iphoneos;
			};
			name = Debug;
		};
		ABE7506C197FFAE900659E86 /* Release */ = {
			isa = XCBuildConfiguration;
			buildSettings = {
				ALWAYS_SEARCH_USER_PATHS = NO;
				CLANG_CXX_LANGUAGE_STANDARD = "gnu++0x";
				CLANG_CXX_LIBRARY = "libc++";
				CLANG_ENABLE_MODULES = YES;
				CLANG_ENABLE_OBJC_ARC = YES;
				CLANG_WARN_BOOL_CONVERSION = YES;
				CLANG_WARN_CONSTANT_CONVERSION = YES;
				CLANG_WARN_DIRECT_OBJC_ISA_USAGE = YES_ERROR;
				CLANG_WARN_EMPTY_BODY = YES;
				CLANG_WARN_ENUM_CONVERSION = YES;
				CLANG_WARN_INT_CONVERSION = YES;
				CLANG_WARN_OBJC_ROOT_CLASS = YES_ERROR;
				CLANG_WARN__DUPLICATE_METHOD_MATCH = YES;
				"CODE_SIGN_IDENTITY[sdk=iphoneos*]" = "iPhone Developer";
				COPY_PHASE_STRIP = YES;
				ENABLE_NS_ASSERTIONS = NO;
				GCC_C_LANGUAGE_STANDARD = gnu99;
				GCC_WARN_64_TO_32_BIT_CONVERSION = YES;
				GCC_WARN_ABOUT_RETURN_TYPE = YES_ERROR;
				GCC_WARN_UNDECLARED_SELECTOR = YES;
				GCC_WARN_UNINITIALIZED_AUTOS = YES_AGGRESSIVE;
				GCC_WARN_UNUSED_FUNCTION = YES;
				GCC_WARN_UNUSED_VARIABLE = YES;
				IPHONEOS_DEPLOYMENT_TARGET = 7.1;
				SDKROOT = iphoneos;
				VALIDATE_PRODUCT = YES;
			};
			name = Release;
		};
		ABE7506E197FFAE900659E86 /* Debug */ = {
			isa = XCBuildConfiguration;
			buildSettings = {
				ASSETCATALOG_COMPILER_APPICON_NAME = AppIcon;
				ASSETCATALOG_COMPILER_LAUNCHIMAGE_NAME = LaunchImage;
				GCC_PRECOMPILE_PREFIX_HEADER = YES;
				GCC_PREFIX_HEADER = "List App/List App-Prefix.pch";
				INFOPLIST_FILE = "List App/List App-Info.plist";
				PRODUCT_NAME = "$(TARGET_NAME)";
				WRAPPER_EXTENSION = app;
			};
			name = Debug;
		};
		ABE7506F197FFAE900659E86 /* Release */ = {
			isa = XCBuildConfiguration;
			buildSettings = {
				ASSETCATALOG_COMPILER_APPICON_NAME = AppIcon;
				ASSETCATALOG_COMPILER_LAUNCHIMAGE_NAME = LaunchImage;
				GCC_PRECOMPILE_PREFIX_HEADER = YES;
				GCC_PREFIX_HEADER = "List App/List App-Prefix.pch";
				INFOPLIST_FILE = "List App/List App-Info.plist";
				PRODUCT_NAME = "$(TARGET_NAME)";
				WRAPPER_EXTENSION = app;
			};
			name = Release;
		};
		ABE75071197FFAE900659E86 /* Debug */ = {
			isa = XCBuildConfiguration;
			buildSettings = {
				BUNDLE_LOADER = "$(BUILT_PRODUCTS_DIR)/List App.app/List App";
				FRAMEWORK_SEARCH_PATHS = (
					"$(SDKROOT)/Developer/Library/Frameworks",
					"$(inherited)",
					"$(DEVELOPER_FRAMEWORKS_DIR)",
				);
				GCC_PRECOMPILE_PREFIX_HEADER = YES;
				GCC_PREFIX_HEADER = "List App/List App-Prefix.pch";
				GCC_PREPROCESSOR_DEFINITIONS = (
					"DEBUG=1",
					"$(inherited)",
				);
				INFOPLIST_FILE = "List AppTests/List AppTests-Info.plist";
				PRODUCT_NAME = "$(TARGET_NAME)";
				TEST_HOST = "$(BUNDLE_LOADER)";
				WRAPPER_EXTENSION = xctest;
			};
			name = Debug;
		};
		ABE75072197FFAE900659E86 /* Release */ = {
			isa = XCBuildConfiguration;
			buildSettings = {
				BUNDLE_LOADER = "$(BUILT_PRODUCTS_DIR)/List App.app/List App";
				FRAMEWORK_SEARCH_PATHS = (
					"$(SDKROOT)/Developer/Library/Frameworks",
					"$(inherited)",
					"$(DEVELOPER_FRAMEWORKS_DIR)",
				);
				GCC_PRECOMPILE_PREFIX_HEADER = YES;
				GCC_PREFIX_HEADER = "List App/List App-Prefix.pch";
				INFOPLIST_FILE = "List AppTests/List AppTests-Info.plist";
				PRODUCT_NAME = "$(TARGET_NAME)";
				TEST_HOST = "$(BUNDLE_LOADER)";
				WRAPPER_EXTENSION = xctest;
			};
			name = Release;
		};
/* End XCBuildConfiguration section */

/* Begin XCConfigurationList section */
		ABE7503C197FFAE900659E86 /* Build configuration list for PBXProject "List App" */ = {
			isa = XCConfigurationList;
			buildConfigurations = (
				ABE7506B197FFAE900659E86 /* Debug */,
				ABE7506C197FFAE900659E86 /* Release */,
			);
			defaultConfigurationIsVisible = 0;
			defaultConfigurationName = Release;
		};
		ABE7506D197FFAE900659E86 /* Build configuration list for PBXNativeTarget "List App" */ = {
			isa = XCConfigurationList;
			buildConfigurations = (
				ABE7506E197FFAE900659E86 /* Debug */,
				ABE7506F197FFAE900659E86 /* Release */,
			);
			defaultConfigurationIsVisible = 0;
		};
		ABE75070197FFAE900659E86 /* Build configuration list for PBXNativeTarget "List AppTests" */ = {
			isa = XCConfigurationList;
			buildConfigurations = (
				ABE75071197FFAE900659E86 /* Debug */,
				ABE75072197FFAE900659E86 /* Release */,
			);
			defaultConfigurationIsVisible = 0;
		};
/* End XCConfigurationList section */
	};
	rootObject = ABE75039197FFAE900659E86 /* Project object */;
}
