// !$*UTF8*$!
{
	archiveVersion = 1;
	classes = {
	};
	objectVersion = 46;
	objects = {

/* Begin PBXBuildFile section */
		AB947C4E197EE71E003BE512 /* Foundation.framework in Frameworks */ = {isa = PBXBuildFile; fileRef = AB947C4D197EE71E003BE512 /* Foundation.framework */; };
		AB947C50197EE71E003BE512 /* CoreGraphics.framework in Frameworks */ = {isa = PBXBuildFile; fileRef = AB947C4F197EE71E003BE512 /* CoreGraphics.framework */; };
		AB947C52197EE71E003BE512 /* UIKit.framework in Frameworks */ = {isa = PBXBuildFile; fileRef = AB947C51197EE71E003BE512 /* UIKit.framework */; };
		AB947C58197EE71E003BE512 /* InfoPlist.strings in Resources */ = {isa = PBXBuildFile; fileRef = AB947C56197EE71E003BE512 /* InfoPlist.strings */; };
		AB947C5A197EE71E003BE512 /* main.m in Sources */ = {isa = PBXBuildFile; fileRef = AB947C59197EE71E003BE512 /* main.m */; };
		AB947C5E197EE71E003BE512 /* _HAAppDelegate.m in Sources */ = {isa = PBXBuildFile; fileRef = AB947C5D197EE71E003BE512 /* _HAAppDelegate.m */; };
		AB947C60197EE71E003BE512 /* Images.xcassets in Resources */ = {isa = PBXBuildFile; fileRef = AB947C5F197EE71E003BE512 /* Images.xcassets */; };
		AB947C67197EE71E003BE512 /* XCTest.framework in Frameworks */ = {isa = PBXBuildFile; fileRef = AB947C66197EE71E003BE512 /* XCTest.framework */; };
		AB947C68197EE71E003BE512 /* Foundation.framework in Frameworks */ = {isa = PBXBuildFile; fileRef = AB947C4D197EE71E003BE512 /* Foundation.framework */; };
		AB947C69197EE71E003BE512 /* UIKit.framework in Frameworks */ = {isa = PBXBuildFile; fileRef = AB947C51197EE71E003BE512 /* UIKit.framework */; };
		AB947C71197EE71E003BE512 /* InfoPlist.strings in Resources */ = {isa = PBXBuildFile; fileRef = AB947C6F197EE71E003BE512 /* InfoPlist.strings */; };
		AB947C73197EE71E003BE512 /* _nd_HomeWork_Assignment___1st_HW_Assignment_in_CodeTests.m in Sources */ = {isa = PBXBuildFile; fileRef = AB947C72197EE71E003BE512 /* _nd_HomeWork_Assignment___1st_HW_Assignment_in_CodeTests.m */; };
/* End PBXBuildFile section */

/* Begin PBXContainerItemProxy section */
		AB947C6A197EE71E003BE512 /* PBXContainerItemProxy */ = {
			isa = PBXContainerItemProxy;
			containerPortal = AB947C42197EE71E003BE512 /* Project object */;
			proxyType = 1;
			remoteGlobalIDString = AB947C49197EE71E003BE512;
			remoteInfo = "2nd HomeWork Assignment - 1st HW Assignment in Code";
		};
/* End PBXContainerItemProxy section */

/* Begin PBXFileReference section */
		AB947C4A197EE71E003BE512 /* 2nd HomeWork Assignment - 1st HW Assignment in Code.app */ = {isa = PBXFileReference; explicitFileType = wrapper.application; includeInIndex = 0; path = "2nd HomeWork Assignment - 1st HW Assignment in Code.app"; sourceTree = BUILT_PRODUCTS_DIR; };
		AB947C4D197EE71E003BE512 /* Foundation.framework */ = {isa = PBXFileReference; lastKnownFileType = wrapper.framework; name = Foundation.framework; path = System/Library/Frameworks/Foundation.framework; sourceTree = SDKROOT; };
		AB947C4F197EE71E003BE512 /* CoreGraphics.framework */ = {isa = PBXFileReference; lastKnownFileType = wrapper.framework; name = CoreGraphics.framework; path = System/Library/Frameworks/CoreGraphics.framework; sourceTree = SDKROOT; };
		AB947C51197EE71E003BE512 /* UIKit.framework */ = {isa = PBXFileReference; lastKnownFileType = wrapper.framework; name = UIKit.framework; path = System/Library/Frameworks/UIKit.framework; sourceTree = SDKROOT; };
		AB947C55197EE71E003BE512 /* 2nd HomeWork Assignment - 1st HW Assignment in Code-Info.plist */ = {isa = PBXFileReference; lastKnownFileType = text.plist.xml; path = "2nd HomeWork Assignment - 1st HW Assignment in Code-Info.plist"; sourceTree = "<group>"; };
		AB947C57197EE71E003BE512 /* en */ = {isa = PBXFileReference; lastKnownFileType = text.plist.strings; name = en; path = en.lproj/InfoPlist.strings; sourceTree = "<group>"; };
		AB947C59197EE71E003BE512 /* main.m */ = {isa = PBXFileReference; lastKnownFileType = sourcecode.c.objc; path = main.m; sourceTree = "<group>"; };
		AB947C5B197EE71E003BE512 /* 2nd HomeWork Assignment - 1st HW Assignment in Code-Prefix.pch */ = {isa = PBXFileReference; lastKnownFileType = sourcecode.c.h; path = "2nd HomeWork Assignment - 1st HW Assignment in Code-Prefix.pch"; sourceTree = "<group>"; };
		AB947C5C197EE71E003BE512 /* _HAAppDelegate.h */ = {isa = PBXFileReference; lastKnownFileType = sourcecode.c.h; path = _HAAppDelegate.h; sourceTree = "<group>"; };
		AB947C5D197EE71E003BE512 /* _HAAppDelegate.m */ = {isa = PBXFileReference; lastKnownFileType = sourcecode.c.objc; path = _HAAppDelegate.m; sourceTree = "<group>"; };
		AB947C5F197EE71E003BE512 /* Images.xcassets */ = {isa = PBXFileReference; lastKnownFileType = folder.assetcatalog; path = Images.xcassets; sourceTree = "<group>"; };
		AB947C65197EE71E003BE512 /* 2nd HomeWork Assignment - 1st HW Assignment in CodeTests.xctest */ = {isa = PBXFileReference; explicitFileType = wrapper.cfbundle; includeInIndex = 0; path = "2nd HomeWork Assignment - 1st HW Assignment in CodeTests.xctest"; sourceTree = BUILT_PRODUCTS_DIR; };
		AB947C66197EE71E003BE512 /* XCTest.framework */ = {isa = PBXFileReference; lastKnownFileType = wrapper.framework; name = XCTest.framework; path = Library/Frameworks/XCTest.framework; sourceTree = DEVELOPER_DIR; };
		AB947C6E197EE71E003BE512 /* 2nd HomeWork Assignment - 1st HW Assignment in CodeTests-Info.plist */ = {isa = PBXFileReference; lastKnownFileType = text.plist.xml; path = "2nd HomeWork Assignment - 1st HW Assignment in CodeTests-Info.plist"; sourceTree = "<group>"; };
		AB947C70197EE71E003BE512 /* en */ = {isa = PBXFileReference; lastKnownFileType = text.plist.strings; name = en; path = en.lproj/InfoPlist.strings; sourceTree = "<group>"; };
		AB947C72197EE71E003BE512 /* _nd_HomeWork_Assignment___1st_HW_Assignment_in_CodeTests.m */ = {isa = PBXFileReference; lastKnownFileType = sourcecode.c.objc; path = "_nd_HomeWork_Assignment___1st_HW_Assignment_in_CodeTests.m"; sourceTree = "<group>"; };
/* End PBXFileReference section */

/* Begin PBXFrameworksBuildPhase section */
		AB947C47197EE71E003BE512 /* Frameworks */ = {
			isa = PBXFrameworksBuildPhase;
			buildActionMask = 2147483647;
			files = (
				AB947C50197EE71E003BE512 /* CoreGraphics.framework in Frameworks */,
				AB947C52197EE71E003BE512 /* UIKit.framework in Frameworks */,
				AB947C4E197EE71E003BE512 /* Foundation.framework in Frameworks */,
			);
			runOnlyForDeploymentPostprocessing = 0;
		};
		AB947C62197EE71E003BE512 /* Frameworks */ = {
			isa = PBXFrameworksBuildPhase;
			buildActionMask = 2147483647;
			files = (
				AB947C67197EE71E003BE512 /* XCTest.framework in Frameworks */,
				AB947C69197EE71E003BE512 /* UIKit.framework in Frameworks */,
				AB947C68197EE71E003BE512 /* Foundation.framework in Frameworks */,
			);
			runOnlyForDeploymentPostprocessing = 0;
		};
/* End PBXFrameworksBuildPhase section */

/* Begin PBXGroup section */
		AB947C41197EE71E003BE512 = {
			isa = PBXGroup;
			children = (
				AB947C53197EE71E003BE512 /* 2nd HomeWork Assignment - 1st HW Assignment in Code */,
				AB947C6C197EE71E003BE512 /* 2nd HomeWork Assignment - 1st HW Assignment in CodeTests */,
				AB947C4C197EE71E003BE512 /* Frameworks */,
				AB947C4B197EE71E003BE512 /* Products */,
			);
			sourceTree = "<group>";
		};
		AB947C4B197EE71E003BE512 /* Products */ = {
			isa = PBXGroup;
			children = (
				AB947C4A197EE71E003BE512 /* 2nd HomeWork Assignment - 1st HW Assignment in Code.app */,
				AB947C65197EE71E003BE512 /* 2nd HomeWork Assignment - 1st HW Assignment in CodeTests.xctest */,
			);
			name = Products;
			sourceTree = "<group>";
		};
		AB947C4C197EE71E003BE512 /* Frameworks */ = {
			isa = PBXGroup;
			children = (
				AB947C4D197EE71E003BE512 /* Foundation.framework */,
				AB947C4F197EE71E003BE512 /* CoreGraphics.framework */,
				AB947C51197EE71E003BE512 /* UIKit.framework */,
				AB947C66197EE71E003BE512 /* XCTest.framework */,
			);
			name = Frameworks;
			sourceTree = "<group>";
		};
		AB947C53197EE71E003BE512 /* 2nd HomeWork Assignment - 1st HW Assignment in Code */ = {
			isa = PBXGroup;
			children = (
				AB947C5C197EE71E003BE512 /* _HAAppDelegate.h */,
				AB947C5D197EE71E003BE512 /* _HAAppDelegate.m */,
				AB947C5F197EE71E003BE512 /* Images.xcassets */,
				AB947C54197EE71E003BE512 /* Supporting Files */,
			);
			path = "2nd HomeWork Assignment - 1st HW Assignment in Code";
			sourceTree = "<group>";
		};
		AB947C54197EE71E003BE512 /* Supporting Files */ = {
			isa = PBXGroup;
			children = (
				AB947C55197EE71E003BE512 /* 2nd HomeWork Assignment - 1st HW Assignment in Code-Info.plist */,
				AB947C56197EE71E003BE512 /* InfoPlist.strings */,
				AB947C59197EE71E003BE512 /* main.m */,
				AB947C5B197EE71E003BE512 /* 2nd HomeWork Assignment - 1st HW Assignment in Code-Prefix.pch */,
			);
			name = "Supporting Files";
			sourceTree = "<group>";
		};
		AB947C6C197EE71E003BE512 /* 2nd HomeWork Assignment - 1st HW Assignment in CodeTests */ = {
			isa = PBXGroup;
			children = (
				AB947C72197EE71E003BE512 /* _nd_HomeWork_Assignment___1st_HW_Assignment_in_CodeTests.m */,
				AB947C6D197EE71E003BE512 /* Supporting Files */,
			);
			path = "2nd HomeWork Assignment - 1st HW Assignment in CodeTests";
			sourceTree = "<group>";
		};
		AB947C6D197EE71E003BE512 /* Supporting Files */ = {
			isa = PBXGroup;
			children = (
				AB947C6E197EE71E003BE512 /* 2nd HomeWork Assignment - 1st HW Assignment in CodeTests-Info.plist */,
				AB947C6F197EE71E003BE512 /* InfoPlist.strings */,
			);
			name = "Supporting Files";
			sourceTree = "<group>";
		};
/* End PBXGroup section */

/* Begin PBXNativeTarget section */
		AB947C49197EE71E003BE512 /* 2nd HomeWork Assignment - 1st HW Assignment in Code */ = {
			isa = PBXNativeTarget;
			buildConfigurationList = AB947C76197EE71E003BE512 /* Build configuration list for PBXNativeTarget "2nd HomeWork Assignment - 1st HW Assignment in Code" */;
			buildPhases = (
				AB947C46197EE71E003BE512 /* Sources */,
				AB947C47197EE71E003BE512 /* Frameworks */,
				AB947C48197EE71E003BE512 /* Resources */,
			);
			buildRules = (
			);
			dependencies = (
			);
			name = "2nd HomeWork Assignment - 1st HW Assignment in Code";
			productName = "2nd HomeWork Assignment - 1st HW Assignment in Code";
			productReference = AB947C4A197EE71E003BE512 /* 2nd HomeWork Assignment - 1st HW Assignment in Code.app */;
			productType = "com.apple.product-type.application";
		};
		AB947C64197EE71E003BE512 /* 2nd HomeWork Assignment - 1st HW Assignment in CodeTests */ = {
			isa = PBXNativeTarget;
			buildConfigurationList = AB947C79197EE71E003BE512 /* Build configuration list for PBXNativeTarget "2nd HomeWork Assignment - 1st HW Assignment in CodeTests" */;
			buildPhases = (
				AB947C61197EE71E003BE512 /* Sources */,
				AB947C62197EE71E003BE512 /* Frameworks */,
				AB947C63197EE71E003BE512 /* Resources */,
			);
			buildRules = (
			);
			dependencies = (
				AB947C6B197EE71E003BE512 /* PBXTargetDependency */,
			);
			name = "2nd HomeWork Assignment - 1st HW Assignment in CodeTests";
			productName = "2nd HomeWork Assignment - 1st HW Assignment in CodeTests";
			productReference = AB947C65197EE71E003BE512 /* 2nd HomeWork Assignment - 1st HW Assignment in CodeTests.xctest */;
			productType = "com.apple.product-type.bundle.unit-test";
		};
/* End PBXNativeTarget section */

/* Begin PBXProject section */
		AB947C42197EE71E003BE512 /* Project object */ = {
			isa = PBXProject;
			attributes = {
				CLASSPREFIX = 2HA;
				LastUpgradeCheck = 0510;
				ORGANIZATIONNAME = AwesomeAppDev.com;
				TargetAttributes = {
					AB947C64197EE71E003BE512 = {
						TestTargetID = AB947C49197EE71E003BE512;
					};
				};
			};
			buildConfigurationList = AB947C45197EE71E003BE512 /* Build configuration list for PBXProject "2nd HomeWork Assignment - 1st HW Assignment in Code" */;
			compatibilityVersion = "Xcode 3.2";
			developmentRegion = English;
			hasScannedForEncodings = 0;
			knownRegions = (
				en,
			);
			mainGroup = AB947C41197EE71E003BE512;
			productRefGroup = AB947C4B197EE71E003BE512 /* Products */;
			projectDirPath = "";
			projectRoot = "";
			targets = (
				AB947C49197EE71E003BE512 /* 2nd HomeWork Assignment - 1st HW Assignment in Code */,
				AB947C64197EE71E003BE512 /* 2nd HomeWork Assignment - 1st HW Assignment in CodeTests */,
			);
		};
/* End PBXProject section */

/* Begin PBXResourcesBuildPhase section */
		AB947C48197EE71E003BE512 /* Resources */ = {
			isa = PBXResourcesBuildPhase;
			buildActionMask = 2147483647;
			files = (
				AB947C58197EE71E003BE512 /* InfoPlist.strings in Resources */,
				AB947C60197EE71E003BE512 /* Images.xcassets in Resources */,
			);
			runOnlyForDeploymentPostprocessing = 0;
		};
		AB947C63197EE71E003BE512 /* Resources */ = {
			isa = PBXResourcesBuildPhase;
			buildActionMask = 2147483647;
			files = (
				AB947C71197EE71E003BE512 /* InfoPlist.strings in Resources */,
			);
			runOnlyForDeploymentPostprocessing = 0;
		};
/* End PBXResourcesBuildPhase section */

/* Begin PBXSourcesBuildPhase section */
		AB947C46197EE71E003BE512 /* Sources */ = {
			isa = PBXSourcesBuildPhase;
			buildActionMask = 2147483647;
			files = (
				AB947C5A197EE71E003BE512 /* main.m in Sources */,
				AB947C5E197EE71E003BE512 /* _HAAppDelegate.m in Sources */,
			);
			runOnlyForDeploymentPostprocessing = 0;
		};
		AB947C61197EE71E003BE512 /* Sources */ = {
			isa = PBXSourcesBuildPhase;
			buildActionMask = 2147483647;
			files = (
				AB947C73197EE71E003BE512 /* _nd_HomeWork_Assignment___1st_HW_Assignment_in_CodeTests.m in Sources */,
			);
			runOnlyForDeploymentPostprocessing = 0;
		};
/* End PBXSourcesBuildPhase section */

/* Begin PBXTargetDependency section */
		AB947C6B197EE71E003BE512 /* PBXTargetDependency */ = {
			isa = PBXTargetDependency;
			target = AB947C49197EE71E003BE512 /* 2nd HomeWork Assignment - 1st HW Assignment in Code */;
			targetProxy = AB947C6A197EE71E003BE512 /* PBXContainerItemProxy */;
		};
/* End PBXTargetDependency section */

/* Begin PBXVariantGroup section */
		AB947C56197EE71E003BE512 /* InfoPlist.strings */ = {
			isa = PBXVariantGroup;
			children = (
				AB947C57197EE71E003BE512 /* en */,
			);
			name = InfoPlist.strings;
			sourceTree = "<group>";
		};
		AB947C6F197EE71E003BE512 /* InfoPlist.strings */ = {
			isa = PBXVariantGroup;
			children = (
				AB947C70197EE71E003BE512 /* en */,
			);
			name = InfoPlist.strings;
			sourceTree = "<group>";
		};
/* End PBXVariantGroup section */

/* Begin XCBuildConfiguration section */
		AB947C74197EE71E003BE512 /* Debug */ = {
			isa = XCBuildConfiguration;
			buildSettings = {
				ALWAYS_SEARCH_USER_PATHS = NO;
				CLANG_CXX_LANGUAGE_STANDARD = "gnu++0x";
				CLANG_CXX_LIBRARY = "libc++";
				CLANG_ENABLE_MODULES = YES;
				CLANG_ENABLE_OBJC_ARC = YES;
				CLANG_WARN_BOOL_CONVERSION = YES;
				CLANG_WARN_CONSTANT_CONVERSION = YES;
				CLANG_WARN_DIRECT_OBJC_ISA_USAGE = YES_ERROR;
				CLANG_WARN_EMPTY_BODY = YES;
				CLANG_WARN_ENUM_CONVERSION = YES;
				CLANG_WARN_INT_CONVERSION = YES;
				CLANG_WARN_OBJC_ROOT_CLASS = YES_ERROR;
				CLANG_WARN__DUPLICATE_METHOD_MATCH = YES;
				"CODE_SIGN_IDENTITY[sdk=iphoneos*]" = "iPhone Developer";
				COPY_PHASE_STRIP = NO;
				GCC_C_LANGUAGE_STANDARD = gnu99;
				GCC_DYNAMIC_NO_PIC = NO;
				GCC_OPTIMIZATION_LEVEL = 0;
				GCC_PREPROCESSOR_DEFINITIONS = (
					"DEBUG=1",
					"$(inherited)",
				);
				GCC_SYMBOLS_PRIVATE_EXTERN = NO;
				GCC_WARN_64_TO_32_BIT_CONVERSION = YES;
				GCC_WARN_ABOUT_RETURN_TYPE = YES_ERROR;
				GCC_WARN_UNDECLARED_SELECTOR = YES;
				GCC_WARN_UNINITIALIZED_AUTOS = YES_AGGRESSIVE;
				GCC_WARN_UNUSED_FUNCTION = YES;
				GCC_WARN_UNUSED_VARIABLE = YES;
				IPHONEOS_DEPLOYMENT_TARGET = 7.1;
				ONLY_ACTIVE_ARCH = YES;
				SDKROOT = iphoneos;
			};
			name = Debug;
		};
		AB947C75197EE71E003BE512 /* Release */ = {
			isa = XCBuildConfiguration;
			buildSettings = {
				ALWAYS_SEARCH_USER_PATHS = NO;
				CLANG_CXX_LANGUAGE_STANDARD = "gnu++0x";
				CLANG_CXX_LIBRARY = "libc++";
				CLANG_ENABLE_MODULES = YES;
				CLANG_ENABLE_OBJC_ARC = YES;
				CLANG_WARN_BOOL_CONVERSION = YES;
				CLANG_WARN_CONSTANT_CONVERSION = YES;
				CLANG_WARN_DIRECT_OBJC_ISA_USAGE = YES_ERROR;
				CLANG_WARN_EMPTY_BODY = YES;
				CLANG_WARN_ENUM_CONVERSION = YES;
				CLANG_WARN_INT_CONVERSION = YES;
				CLANG_WARN_OBJC_ROOT_CLASS = YES_ERROR;
				CLANG_WARN__DUPLICATE_METHOD_MATCH = YES;
				"CODE_SIGN_IDENTITY[sdk=iphoneos*]" = "iPhone Developer";
				COPY_PHASE_STRIP = YES;
				ENABLE_NS_ASSERTIONS = NO;
				GCC_C_LANGUAGE_STANDARD = gnu99;
				GCC_WARN_64_TO_32_BIT_CONVERSION = YES;
				GCC_WARN_ABOUT_RETURN_TYPE = YES_ERROR;
				GCC_WARN_UNDECLARED_SELECTOR = YES;
				GCC_WARN_UNINITIALIZED_AUTOS = YES_AGGRESSIVE;
				GCC_WARN_UNUSED_FUNCTION = YES;
				GCC_WARN_UNUSED_VARIABLE = YES;
				IPHONEOS_DEPLOYMENT_TARGET = 7.1;
				SDKROOT = iphoneos;
				VALIDATE_PRODUCT = YES;
			};
			name = Release;
		};
		AB947C77197EE71E003BE512 /* Debug */ = {
			isa = XCBuildConfiguration;
			buildSettings = {
				ASSETCATALOG_COMPILER_APPICON_NAME = AppIcon;
				ASSETCATALOG_COMPILER_LAUNCHIMAGE_NAME = LaunchImage;
				GCC_PRECOMPILE_PREFIX_HEADER = YES;
				GCC_PREFIX_HEADER = "2nd HomeWork Assignment - 1st HW Assignment in Code/2nd HomeWork Assignment - 1st HW Assignment in Code-Prefix.pch";
				INFOPLIST_FILE = "2nd HomeWork Assignment - 1st HW Assignment in Code/2nd HomeWork Assignment - 1st HW Assignment in Code-Info.plist";
				PRODUCT_NAME = "$(TARGET_NAME)";
				WRAPPER_EXTENSION = app;
			};
			name = Debug;
		};
		AB947C78197EE71E003BE512 /* Release */ = {
			isa = XCBuildConfiguration;
			buildSettings = {
				ASSETCATALOG_COMPILER_APPICON_NAME = AppIcon;
				ASSETCATALOG_COMPILER_LAUNCHIMAGE_NAME = LaunchImage;
				GCC_PRECOMPILE_PREFIX_HEADER = YES;
				GCC_PREFIX_HEADER = "2nd HomeWork Assignment - 1st HW Assignment in Code/2nd HomeWork Assignment - 1st HW Assignment in Code-Prefix.pch";
				INFOPLIST_FILE = "2nd HomeWork Assignment - 1st HW Assignment in Code/2nd HomeWork Assignment - 1st HW Assignment in Code-Info.plist";
				PRODUCT_NAME = "$(TARGET_NAME)";
				WRAPPER_EXTENSION = app;
			};
			name = Release;
		};
		AB947C7A197EE71E003BE512 /* Debug */ = {
			isa = XCBuildConfiguration;
			buildSettings = {
				BUNDLE_LOADER = "$(BUILT_PRODUCTS_DIR)/2nd HomeWork Assignment - 1st HW Assignment in Code.app/2nd HomeWork Assignment - 1st HW Assignment in Code";
				FRAMEWORK_SEARCH_PATHS = (
					"$(SDKROOT)/Developer/Library/Frameworks",
					"$(inherited)",
					"$(DEVELOPER_FRAMEWORKS_DIR)",
				);
				GCC_PRECOMPILE_PREFIX_HEADER = YES;
				GCC_PREFIX_HEADER = "2nd HomeWork Assignment - 1st HW Assignment in Code/2nd HomeWork Assignment - 1st HW Assignment in Code-Prefix.pch";
				GCC_PREPROCESSOR_DEFINITIONS = (
					"DEBUG=1",
					"$(inherited)",
				);
				INFOPLIST_FILE = "2nd HomeWork Assignment - 1st HW Assignment in CodeTests/2nd HomeWork Assignment - 1st HW Assignment in CodeTests-Info.plist";
				PRODUCT_NAME = "$(TARGET_NAME)";
				TEST_HOST = "$(BUNDLE_LOADER)";
				WRAPPER_EXTENSION = xctest;
			};
			name = Debug;
		};
		AB947C7B197EE71E003BE512 /* Release */ = {
			isa = XCBuildConfiguration;
			buildSettings = {
				BUNDLE_LOADER = "$(BUILT_PRODUCTS_DIR)/2nd HomeWork Assignment - 1st HW Assignment in Code.app/2nd HomeWork Assignment - 1st HW Assignment in Code";
				FRAMEWORK_SEARCH_PATHS = (
					"$(SDKROOT)/Developer/Library/Frameworks",
					"$(inherited)",
					"$(DEVELOPER_FRAMEWORKS_DIR)",
				);
				GCC_PRECOMPILE_PREFIX_HEADER = YES;
				GCC_PREFIX_HEADER = "2nd HomeWork Assignment - 1st HW Assignment in Code/2nd HomeWork Assignment - 1st HW Assignment in Code-Prefix.pch";
				INFOPLIST_FILE = "2nd HomeWork Assignment - 1st HW Assignment in CodeTests/2nd HomeWork Assignment - 1st HW Assignment in CodeTests-Info.plist";
				PRODUCT_NAME = "$(TARGET_NAME)";
				TEST_HOST = "$(BUNDLE_LOADER)";
				WRAPPER_EXTENSION = xctest;
			};
			name = Release;
		};
/* End XCBuildConfiguration section */

/* Begin XCConfigurationList section */
		AB947C45197EE71E003BE512 /* Build configuration list for PBXProject "2nd HomeWork Assignment - 1st HW Assignment in Code" */ = {
			isa = XCConfigurationList;
			buildConfigurations = (
				AB947C74197EE71E003BE512 /* Debug */,
				AB947C75197EE71E003BE512 /* Release */,
			);
			defaultConfigurationIsVisible = 0;
			defaultConfigurationName = Release;
		};
		AB947C76197EE71E003BE512 /* Build configuration list for PBXNativeTarget "2nd HomeWork Assignment - 1st HW Assignment in Code" */ = {
			isa = XCConfigurationList;
			buildConfigurations = (
				AB947C77197EE71E003BE512 /* Debug */,
				AB947C78197EE71E003BE512 /* Release */,
			);
			defaultConfigurationIsVisible = 0;
		};
		AB947C79197EE71E003BE512 /* Build configuration list for PBXNativeTarget "2nd HomeWork Assignment - 1st HW Assignment in CodeTests" */ = {
			isa = XCConfigurationList;
			buildConfigurations = (
				AB947C7A197EE71E003BE512 /* Debug */,
				AB947C7B197EE71E003BE512 /* Release */,
			);
			defaultConfigurationIsVisible = 0;
		};
/* End XCConfigurationList section */
	};
	rootObject = AB947C42197EE71E003BE512 /* Project object */;
}
