// !$*UTF8*$!
{
	archiveVersion = 1;
	classes = {
	};
	objectVersion = 46;
	objects = {

/* Begin PBXBuildFile section */
		AB411D16197DA0E0008F7284 /* Foundation.framework in Frameworks */ = {isa = PBXBuildFile; fileRef = AB411D15197DA0E0008F7284 /* Foundation.framework */; };
		AB411D18197DA0E1008F7284 /* CoreGraphics.framework in Frameworks */ = {isa = PBXBuildFile; fileRef = AB411D17197DA0E1008F7284 /* CoreGraphics.framework */; };
		AB411D1A197DA0E1008F7284 /* UIKit.framework in Frameworks */ = {isa = PBXBuildFile; fileRef = AB411D19197DA0E1008F7284 /* UIKit.framework */; };
		AB411D20197DA0E1008F7284 /* InfoPlist.strings in Resources */ = {isa = PBXBuildFile; fileRef = AB411D1E197DA0E1008F7284 /* InfoPlist.strings */; };
		AB411D22197DA0E1008F7284 /* main.m in Sources */ = {isa = PBXBuildFile; fileRef = AB411D21197DA0E1008F7284 /* main.m */; };
		AB411D26197DA0E1008F7284 /* FHAAppDelegate.m in Sources */ = {isa = PBXBuildFile; fileRef = AB411D25197DA0E1008F7284 /* FHAAppDelegate.m */; };
		AB411D29197DA0E1008F7284 /* Main.storyboard in Resources */ = {isa = PBXBuildFile; fileRef = AB411D27197DA0E1008F7284 /* Main.storyboard */; };
		AB411D2C197DA0E1008F7284 /* FHAViewController.m in Sources */ = {isa = PBXBuildFile; fileRef = AB411D2B197DA0E1008F7284 /* FHAViewController.m */; };
		AB411D2E197DA0E1008F7284 /* Images.xcassets in Resources */ = {isa = PBXBuildFile; fileRef = AB411D2D197DA0E1008F7284 /* Images.xcassets */; };
		AB411D35197DA0E1008F7284 /* XCTest.framework in Frameworks */ = {isa = PBXBuildFile; fileRef = AB411D34197DA0E1008F7284 /* XCTest.framework */; };
		AB411D36197DA0E1008F7284 /* Foundation.framework in Frameworks */ = {isa = PBXBuildFile; fileRef = AB411D15197DA0E0008F7284 /* Foundation.framework */; };
		AB411D37197DA0E1008F7284 /* UIKit.framework in Frameworks */ = {isa = PBXBuildFile; fileRef = AB411D19197DA0E1008F7284 /* UIKit.framework */; };
		AB411D3F197DA0E1008F7284 /* InfoPlist.strings in Resources */ = {isa = PBXBuildFile; fileRef = AB411D3D197DA0E1008F7284 /* InfoPlist.strings */; };
		AB411D41197DA0E1008F7284 /* First_Homework_AppTests.m in Sources */ = {isa = PBXBuildFile; fileRef = AB411D40197DA0E1008F7284 /* First_Homework_AppTests.m */; };
/* End PBXBuildFile section */

/* Begin PBXContainerItemProxy section */
		AB411D38197DA0E1008F7284 /* PBXContainerItemProxy */ = {
			isa = PBXContainerItemProxy;
			containerPortal = AB411D0A197DA0E0008F7284 /* Project object */;
			proxyType = 1;
			remoteGlobalIDString = AB411D11197DA0E0008F7284;
			remoteInfo = "First Homework App";
		};
/* End PBXContainerItemProxy section */

/* Begin PBXFileReference section */
		AB411D12197DA0E0008F7284 /* First Homework App.app */ = {isa = PBXFileReference; explicitFileType = wrapper.application; includeInIndex = 0; path = "First Homework App.app"; sourceTree = BUILT_PRODUCTS_DIR; };
		AB411D15197DA0E0008F7284 /* Foundation.framework */ = {isa = PBXFileReference; lastKnownFileType = wrapper.framework; name = Foundation.framework; path = System/Library/Frameworks/Foundation.framework; sourceTree = SDKROOT; };
		AB411D17197DA0E1008F7284 /* CoreGraphics.framework */ = {isa = PBXFileReference; lastKnownFileType = wrapper.framework; name = CoreGraphics.framework; path = System/Library/Frameworks/CoreGraphics.framework; sourceTree = SDKROOT; };
		AB411D19197DA0E1008F7284 /* UIKit.framework */ = {isa = PBXFileReference; lastKnownFileType = wrapper.framework; name = UIKit.framework; path = System/Library/Frameworks/UIKit.framework; sourceTree = SDKROOT; };
		AB411D1D197DA0E1008F7284 /* First Homework App-Info.plist */ = {isa = PBXFileReference; lastKnownFileType = text.plist.xml; path = "First Homework App-Info.plist"; sourceTree = "<group>"; };
		AB411D1F197DA0E1008F7284 /* en */ = {isa = PBXFileReference; lastKnownFileType = text.plist.strings; name = en; path = en.lproj/InfoPlist.strings; sourceTree = "<group>"; };
		AB411D21197DA0E1008F7284 /* main.m */ = {isa = PBXFileReference; lastKnownFileType = sourcecode.c.objc; path = main.m; sourceTree = "<group>"; };
		AB411D23197DA0E1008F7284 /* First Homework App-Prefix.pch */ = {isa = PBXFileReference; lastKnownFileType = sourcecode.c.h; path = "First Homework App-Prefix.pch"; sourceTree = "<group>"; };
		AB411D24197DA0E1008F7284 /* FHAAppDelegate.h */ = {isa = PBXFileReference; lastKnownFileType = sourcecode.c.h; path = FHAAppDelegate.h; sourceTree = "<group>"; };
		AB411D25197DA0E1008F7284 /* FHAAppDelegate.m */ = {isa = PBXFileReference; lastKnownFileType = sourcecode.c.objc; path = FHAAppDelegate.m; sourceTree = "<group>"; };
		AB411D28197DA0E1008F7284 /* Base */ = {isa = PBXFileReference; lastKnownFileType = file.storyboard; name = Base; path = Base.lproj/Main.storyboard; sourceTree = "<group>"; };
		AB411D2A197DA0E1008F7284 /* FHAViewController.h */ = {isa = PBXFileReference; lastKnownFileType = sourcecode.c.h; path = FHAViewController.h; sourceTree = "<group>"; };
		AB411D2B197DA0E1008F7284 /* FHAViewController.m */ = {isa = PBXFileReference; lastKnownFileType = sourcecode.c.objc; path = FHAViewController.m; sourceTree = "<group>"; };
		AB411D2D197DA0E1008F7284 /* Images.xcassets */ = {isa = PBXFileReference; lastKnownFileType = folder.assetcatalog; path = Images.xcassets; sourceTree = "<group>"; };
		AB411D33197DA0E1008F7284 /* First Homework AppTests.xctest */ = {isa = PBXFileReference; explicitFileType = wrapper.cfbundle; includeInIndex = 0; path = "First Homework AppTests.xctest"; sourceTree = BUILT_PRODUCTS_DIR; };
		AB411D34197DA0E1008F7284 /* XCTest.framework */ = {isa = PBXFileReference; lastKnownFileType = wrapper.framework; name = XCTest.framework; path = Library/Frameworks/XCTest.framework; sourceTree = DEVELOPER_DIR; };
		AB411D3C197DA0E1008F7284 /* First Homework AppTests-Info.plist */ = {isa = PBXFileReference; lastKnownFileType = text.plist.xml; path = "First Homework AppTests-Info.plist"; sourceTree = "<group>"; };
		AB411D3E197DA0E1008F7284 /* en */ = {isa = PBXFileReference; lastKnownFileType = text.plist.strings; name = en; path = en.lproj/InfoPlist.strings; sourceTree = "<group>"; };
		AB411D40197DA0E1008F7284 /* First_Homework_AppTests.m */ = {isa = PBXFileReference; lastKnownFileType = sourcecode.c.objc; path = First_Homework_AppTests.m; sourceTree = "<group>"; };
/* End PBXFileReference section */

/* Begin PBXFrameworksBuildPhase section */
		AB411D0F197DA0E0008F7284 /* Frameworks */ = {
			isa = PBXFrameworksBuildPhase;
			buildActionMask = 2147483647;
			files = (
				AB411D18197DA0E1008F7284 /* CoreGraphics.framework in Frameworks */,
				AB411D1A197DA0E1008F7284 /* UIKit.framework in Frameworks */,
				AB411D16197DA0E0008F7284 /* Foundation.framework in Frameworks */,
			);
			runOnlyForDeploymentPostprocessing = 0;
		};
		AB411D30197DA0E1008F7284 /* Frameworks */ = {
			isa = PBXFrameworksBuildPhase;
			buildActionMask = 2147483647;
			files = (
				AB411D35197DA0E1008F7284 /* XCTest.framework in Frameworks */,
				AB411D37197DA0E1008F7284 /* UIKit.framework in Frameworks */,
				AB411D36197DA0E1008F7284 /* Foundation.framework in Frameworks */,
			);
			runOnlyForDeploymentPostprocessing = 0;
		};
/* End PBXFrameworksBuildPhase section */

/* Begin PBXGroup section */
		AB411D09197DA0E0008F7284 = {
			isa = PBXGroup;
			children = (
				AB411D1B197DA0E1008F7284 /* First Homework App */,
				AB411D3A197DA0E1008F7284 /* First Homework AppTests */,
				AB411D14197DA0E0008F7284 /* Frameworks */,
				AB411D13197DA0E0008F7284 /* Products */,
			);
			sourceTree = "<group>";
		};
		AB411D13197DA0E0008F7284 /* Products */ = {
			isa = PBXGroup;
			children = (
				AB411D12197DA0E0008F7284 /* First Homework App.app */,
				AB411D33197DA0E1008F7284 /* First Homework AppTests.xctest */,
			);
			name = Products;
			sourceTree = "<group>";
		};
		AB411D14197DA0E0008F7284 /* Frameworks */ = {
			isa = PBXGroup;
			children = (
				AB411D15197DA0E0008F7284 /* Foundation.framework */,
				AB411D17197DA0E1008F7284 /* CoreGraphics.framework */,
				AB411D19197DA0E1008F7284 /* UIKit.framework */,
				AB411D34197DA0E1008F7284 /* XCTest.framework */,
			);
			name = Frameworks;
			sourceTree = "<group>";
		};
		AB411D1B197DA0E1008F7284 /* First Homework App */ = {
			isa = PBXGroup;
			children = (
				AB411D24197DA0E1008F7284 /* FHAAppDelegate.h */,
				AB411D25197DA0E1008F7284 /* FHAAppDelegate.m */,
				AB411D27197DA0E1008F7284 /* Main.storyboard */,
				AB411D2A197DA0E1008F7284 /* FHAViewController.h */,
				AB411D2B197DA0E1008F7284 /* FHAViewController.m */,
				AB411D2D197DA0E1008F7284 /* Images.xcassets */,
				AB411D1C197DA0E1008F7284 /* Supporting Files */,
			);
			path = "First Homework App";
			sourceTree = "<group>";
		};
		AB411D1C197DA0E1008F7284 /* Supporting Files */ = {
			isa = PBXGroup;
			children = (
				AB411D1D197DA0E1008F7284 /* First Homework App-Info.plist */,
				AB411D1E197DA0E1008F7284 /* InfoPlist.strings */,
				AB411D21197DA0E1008F7284 /* main.m */,
				AB411D23197DA0E1008F7284 /* First Homework App-Prefix.pch */,
			);
			name = "Supporting Files";
			sourceTree = "<group>";
		};
		AB411D3A197DA0E1008F7284 /* First Homework AppTests */ = {
			isa = PBXGroup;
			children = (
				AB411D40197DA0E1008F7284 /* First_Homework_AppTests.m */,
				AB411D3B197DA0E1008F7284 /* Supporting Files */,
			);
			path = "First Homework AppTests";
			sourceTree = "<group>";
		};
		AB411D3B197DA0E1008F7284 /* Supporting Files */ = {
			isa = PBXGroup;
			children = (
				AB411D3C197DA0E1008F7284 /* First Homework AppTests-Info.plist */,
				AB411D3D197DA0E1008F7284 /* InfoPlist.strings */,
			);
			name = "Supporting Files";
			sourceTree = "<group>";
		};
/* End PBXGroup section */

/* Begin PBXNativeTarget section */
		AB411D11197DA0E0008F7284 /* First Homework App */ = {
			isa = PBXNativeTarget;
			buildConfigurationList = AB411D44197DA0E1008F7284 /* Build configuration list for PBXNativeTarget "First Homework App" */;
			buildPhases = (
				AB411D0E197DA0E0008F7284 /* Sources */,
				AB411D0F197DA0E0008F7284 /* Frameworks */,
				AB411D10197DA0E0008F7284 /* Resources */,
			);
			buildRules = (
			);
			dependencies = (
			);
			name = "First Homework App";
			productName = "First Homework App";
			productReference = AB411D12197DA0E0008F7284 /* First Homework App.app */;
			productType = "com.apple.product-type.application";
		};
		AB411D32197DA0E1008F7284 /* First Homework AppTests */ = {
			isa = PBXNativeTarget;
			buildConfigurationList = AB411D47197DA0E1008F7284 /* Build configuration list for PBXNativeTarget "First Homework AppTests" */;
			buildPhases = (
				AB411D2F197DA0E1008F7284 /* Sources */,
				AB411D30197DA0E1008F7284 /* Frameworks */,
				AB411D31197DA0E1008F7284 /* Resources */,
			);
			buildRules = (
			);
			dependencies = (
				AB411D39197DA0E1008F7284 /* PBXTargetDependency */,
			);
			name = "First Homework AppTests";
			productName = "First Homework AppTests";
			productReference = AB411D33197DA0E1008F7284 /* First Homework AppTests.xctest */;
			productType = "com.apple.product-type.bundle.unit-test";
		};
/* End PBXNativeTarget section */

/* Begin PBXProject section */
		AB411D0A197DA0E0008F7284 /* Project object */ = {
			isa = PBXProject;
			attributes = {
				CLASSPREFIX = FHA;
				LastUpgradeCheck = 0510;
				ORGANIZATIONNAME = AwesomeAppDev.com;
				TargetAttributes = {
					AB411D32197DA0E1008F7284 = {
						TestTargetID = AB411D11197DA0E0008F7284;
					};
				};
			};
			buildConfigurationList = AB411D0D197DA0E0008F7284 /* Build configuration list for PBXProject "First Homework App" */;
			compatibilityVersion = "Xcode 3.2";
			developmentRegion = English;
			hasScannedForEncodings = 0;
			knownRegions = (
				en,
				Base,
			);
			mainGroup = AB411D09197DA0E0008F7284;
			productRefGroup = AB411D13197DA0E0008F7284 /* Products */;
			projectDirPath = "";
			projectRoot = "";
			targets = (
				AB411D11197DA0E0008F7284 /* First Homework App */,
				AB411D32197DA0E1008F7284 /* First Homework AppTests */,
			);
		};
/* End PBXProject section */

/* Begin PBXResourcesBuildPhase section */
		AB411D10197DA0E0008F7284 /* Resources */ = {
			isa = PBXResourcesBuildPhase;
			buildActionMask = 2147483647;
			files = (
				AB411D2E197DA0E1008F7284 /* Images.xcassets in Resources */,
				AB411D20197DA0E1008F7284 /* InfoPlist.strings in Resources */,
				AB411D29197DA0E1008F7284 /* Main.storyboard in Resources */,
			);
			runOnlyForDeploymentPostprocessing = 0;
		};
		AB411D31197DA0E1008F7284 /* Resources */ = {
			isa = PBXResourcesBuildPhase;
			buildActionMask = 2147483647;
			files = (
				AB411D3F197DA0E1008F7284 /* InfoPlist.strings in Resources */,
			);
			runOnlyForDeploymentPostprocessing = 0;
		};
/* End PBXResourcesBuildPhase section */

/* Begin PBXSourcesBuildPhase section */
		AB411D0E197DA0E0008F7284 /* Sources */ = {
			isa = PBXSourcesBuildPhase;
			buildActionMask = 2147483647;
			files = (
				AB411D26197DA0E1008F7284 /* FHAAppDelegate.m in Sources */,
				AB411D2C197DA0E1008F7284 /* FHAViewController.m in Sources */,
				AB411D22197DA0E1008F7284 /* main.m in Sources */,
			);
			runOnlyForDeploymentPostprocessing = 0;
		};
		AB411D2F197DA0E1008F7284 /* Sources */ = {
			isa = PBXSourcesBuildPhase;
			buildActionMask = 2147483647;
			files = (
				AB411D41197DA0E1008F7284 /* First_Homework_AppTests.m in Sources */,
			);
			runOnlyForDeploymentPostprocessing = 0;
		};
/* End PBXSourcesBuildPhase section */

/* Begin PBXTargetDependency section */
		AB411D39197DA0E1008F7284 /* PBXTargetDependency */ = {
			isa = PBXTargetDependency;
			target = AB411D11197DA0E0008F7284 /* First Homework App */;
			targetProxy = AB411D38197DA0E1008F7284 /* PBXContainerItemProxy */;
		};
/* End PBXTargetDependency section */

/* Begin PBXVariantGroup section */
		AB411D1E197DA0E1008F7284 /* InfoPlist.strings */ = {
			isa = PBXVariantGroup;
			children = (
				AB411D1F197DA0E1008F7284 /* en */,
			);
			name = InfoPlist.strings;
			sourceTree = "<group>";
		};
		AB411D27197DA0E1008F7284 /* Main.storyboard */ = {
			isa = PBXVariantGroup;
			children = (
				AB411D28197DA0E1008F7284 /* Base */,
			);
			name = Main.storyboard;
			sourceTree = "<group>";
		};
		AB411D3D197DA0E1008F7284 /* InfoPlist.strings */ = {
			isa = PBXVariantGroup;
			children = (
				AB411D3E197DA0E1008F7284 /* en */,
			);
			name = InfoPlist.strings;
			sourceTree = "<group>";
		};
/* End PBXVariantGroup section */

/* Begin XCBuildConfiguration section */
		AB411D42197DA0E1008F7284 /* Debug */ = {
			isa = XCBuildConfiguration;
			buildSettings = {
				ALWAYS_SEARCH_USER_PATHS = NO;
				CLANG_CXX_LANGUAGE_STANDARD = "gnu++0x";
				CLANG_CXX_LIBRARY = "libc++";
				CLANG_ENABLE_MODULES = YES;
				CLANG_ENABLE_OBJC_ARC = YES;
				CLANG_WARN_BOOL_CONVERSION = YES;
				CLANG_WARN_CONSTANT_CONVERSION = YES;
				CLANG_WARN_DIRECT_OBJC_ISA_USAGE = YES_ERROR;
				CLANG_WARN_EMPTY_BODY = YES;
				CLANG_WARN_ENUM_CONVERSION = YES;
				CLANG_WARN_INT_CONVERSION = YES;
				CLANG_WARN_OBJC_ROOT_CLASS = YES_ERROR;
				CLANG_WARN__DUPLICATE_METHOD_MATCH = YES;
				"CODE_SIGN_IDENTITY[sdk=iphoneos*]" = "iPhone Developer";
				COPY_PHASE_STRIP = NO;
				GCC_C_LANGUAGE_STANDARD = gnu99;
				GCC_DYNAMIC_NO_PIC = NO;
				GCC_OPTIMIZATION_LEVEL = 0;
				GCC_PREPROCESSOR_DEFINITIONS = (
					"DEBUG=1",
					"$(inherited)",
				);
				GCC_SYMBOLS_PRIVATE_EXTERN = NO;
				GCC_WARN_64_TO_32_BIT_CONVERSION = YES;
				GCC_WARN_ABOUT_RETURN_TYPE = YES_ERROR;
				GCC_WARN_UNDECLARED_SELECTOR = YES;
				GCC_WARN_UNINITIALIZED_AUTOS = YES_AGGRESSIVE;
				GCC_WARN_UNUSED_FUNCTION = YES;
				GCC_WARN_UNUSED_VARIABLE = YES;
				IPHONEOS_DEPLOYMENT_TARGET = 7.1;
				ONLY_ACTIVE_ARCH = YES;
				SDKROOT = iphoneos;
			};
			name = Debug;
		};
		AB411D43197DA0E1008F7284 /* Release */ = {
			isa = XCBuildConfiguration;
			buildSettings = {
				ALWAYS_SEARCH_USER_PATHS = NO;
				CLANG_CXX_LANGUAGE_STANDARD = "gnu++0x";
				CLANG_CXX_LIBRARY = "libc++";
				CLANG_ENABLE_MODULES = YES;
				CLANG_ENABLE_OBJC_ARC = YES;
				CLANG_WARN_BOOL_CONVERSION = YES;
				CLANG_WARN_CONSTANT_CONVERSION = YES;
				CLANG_WARN_DIRECT_OBJC_ISA_USAGE = YES_ERROR;
				CLANG_WARN_EMPTY_BODY = YES;
				CLANG_WARN_ENUM_CONVERSION = YES;
				CLANG_WARN_INT_CONVERSION = YES;
				CLANG_WARN_OBJC_ROOT_CLASS = YES_ERROR;
				CLANG_WARN__DUPLICATE_METHOD_MATCH = YES;
				"CODE_SIGN_IDENTITY[sdk=iphoneos*]" = "iPhone Developer";
				COPY_PHASE_STRIP = YES;
				ENABLE_NS_ASSERTIONS = NO;
				GCC_C_LANGUAGE_STANDARD = gnu99;
				GCC_WARN_64_TO_32_BIT_CONVERSION = YES;
				GCC_WARN_ABOUT_RETURN_TYPE = YES_ERROR;
				GCC_WARN_UNDECLARED_SELECTOR = YES;
				GCC_WARN_UNINITIALIZED_AUTOS = YES_AGGRESSIVE;
				GCC_WARN_UNUSED_FUNCTION = YES;
				GCC_WARN_UNUSED_VARIABLE = YES;
				IPHONEOS_DEPLOYMENT_TARGET = 7.1;
				SDKROOT = iphoneos;
				VALIDATE_PRODUCT = YES;
			};
			name = Release;
		};
		AB411D45197DA0E1008F7284 /* Debug */ = {
			isa = XCBuildConfiguration;
			buildSettings = {
				ASSETCATALOG_COMPILER_APPICON_NAME = AppIcon;
				ASSETCATALOG_COMPILER_LAUNCHIMAGE_NAME = LaunchImage;
				GCC_PRECOMPILE_PREFIX_HEADER = YES;
				GCC_PREFIX_HEADER = "First Homework App/First Homework App-Prefix.pch";
				INFOPLIST_FILE = "First Homework App/First Homework App-Info.plist";
				PRODUCT_NAME = "$(TARGET_NAME)";
				WRAPPER_EXTENSION = app;
			};
			name = Debug;
		};
		AB411D46197DA0E1008F7284 /* Release */ = {
			isa = XCBuildConfiguration;
			buildSettings = {
				ASSETCATALOG_COMPILER_APPICON_NAME = AppIcon;
				ASSETCATALOG_COMPILER_LAUNCHIMAGE_NAME = LaunchImage;
				GCC_PRECOMPILE_PREFIX_HEADER = YES;
				GCC_PREFIX_HEADER = "First Homework App/First Homework App-Prefix.pch";
				INFOPLIST_FILE = "First Homework App/First Homework App-Info.plist";
				PRODUCT_NAME = "$(TARGET_NAME)";
				WRAPPER_EXTENSION = app;
			};
			name = Release;
		};
		AB411D48197DA0E1008F7284 /* Debug */ = {
			isa = XCBuildConfiguration;
			buildSettings = {
				BUNDLE_LOADER = "$(BUILT_PRODUCTS_DIR)/First Homework App.app/First Homework App";
				FRAMEWORK_SEARCH_PATHS = (
					"$(SDKROOT)/Developer/Library/Frameworks",
					"$(inherited)",
					"$(DEVELOPER_FRAMEWORKS_DIR)",
				);
				GCC_PRECOMPILE_PREFIX_HEADER = YES;
				GCC_PREFIX_HEADER = "First Homework App/First Homework App-Prefix.pch";
				GCC_PREPROCESSOR_DEFINITIONS = (
					"DEBUG=1",
					"$(inherited)",
				);
				INFOPLIST_FILE = "First Homework AppTests/First Homework AppTests-Info.plist";
				PRODUCT_NAME = "$(TARGET_NAME)";
				TEST_HOST = "$(BUNDLE_LOADER)";
				WRAPPER_EXTENSION = xctest;
			};
			name = Debug;
		};
		AB411D49197DA0E1008F7284 /* Release */ = {
			isa = XCBuildConfiguration;
			buildSettings = {
				BUNDLE_LOADER = "$(BUILT_PRODUCTS_DIR)/First Homework App.app/First Homework App";
				FRAMEWORK_SEARCH_PATHS = (
					"$(SDKROOT)/Developer/Library/Frameworks",
					"$(inherited)",
					"$(DEVELOPER_FRAMEWORKS_DIR)",
				);
				GCC_PRECOMPILE_PREFIX_HEADER = YES;
				GCC_PREFIX_HEADER = "First Homework App/First Homework App-Prefix.pch";
				INFOPLIST_FILE = "First Homework AppTests/First Homework AppTests-Info.plist";
				PRODUCT_NAME = "$(TARGET_NAME)";
				TEST_HOST = "$(BUNDLE_LOADER)";
				WRAPPER_EXTENSION = xctest;
			};
			name = Release;
		};
/* End XCBuildConfiguration section */

/* Begin XCConfigurationList section */
		AB411D0D197DA0E0008F7284 /* Build configuration list for PBXProject "First Homework App" */ = {
			isa = XCConfigurationList;
			buildConfigurations = (
				AB411D42197DA0E1008F7284 /* Debug */,
				AB411D43197DA0E1008F7284 /* Release */,
			);
			defaultConfigurationIsVisible = 0;
			defaultConfigurationName = Release;
		};
		AB411D44197DA0E1008F7284 /* Build configuration list for PBXNativeTarget "First Homework App" */ = {
			isa = XCConfigurationList;
			buildConfigurations = (
				AB411D45197DA0E1008F7284 /* Debug */,
				AB411D46197DA0E1008F7284 /* Release */,
			);
			defaultConfigurationIsVisible = 0;
		};
		AB411D47197DA0E1008F7284 /* Build configuration list for PBXNativeTarget "First Homework AppTests" */ = {
			isa = XCConfigurationList;
			buildConfigurations = (
				AB411D48197DA0E1008F7284 /* Debug */,
				AB411D49197DA0E1008F7284 /* Release */,
			);
			defaultConfigurationIsVisible = 0;
		};
/* End XCConfigurationList section */
	};
	rootObject = AB411D0A197DA0E0008F7284 /* Project object */;
}
