// !$*UTF8*$!
{
	archiveVersion = 1;
	classes = {
	};
	objectVersion = 46;
	objects = {

/* Begin PBXBuildFile section */
		AB947C0F197E99DC003BE512 /* Foundation.framework in Frameworks */ = {isa = PBXBuildFile; fileRef = AB947C0E197E99DC003BE512 /* Foundation.framework */; };
		AB947C11197E99DC003BE512 /* CoreGraphics.framework in Frameworks */ = {isa = PBXBuildFile; fileRef = AB947C10197E99DC003BE512 /* CoreGraphics.framework */; };
		AB947C13197E99DC003BE512 /* UIKit.framework in Frameworks */ = {isa = PBXBuildFile; fileRef = AB947C12197E99DC003BE512 /* UIKit.framework */; };
		AB947C19197E99DC003BE512 /* InfoPlist.strings in Resources */ = {isa = PBXBuildFile; fileRef = AB947C17197E99DC003BE512 /* InfoPlist.strings */; };
		AB947C1B197E99DC003BE512 /* main.m in Sources */ = {isa = PBXBuildFile; fileRef = AB947C1A197E99DC003BE512 /* main.m */; };
		AB947C1F197E99DC003BE512 /* MFCAppDelegate.m in Sources */ = {isa = PBXBuildFile; fileRef = AB947C1E197E99DC003BE512 /* MFCAppDelegate.m */; };
		AB947C21197E99DC003BE512 /* Images.xcassets in Resources */ = {isa = PBXBuildFile; fileRef = AB947C20197E99DC003BE512 /* Images.xcassets */; };
		AB947C28197E99DC003BE512 /* XCTest.framework in Frameworks */ = {isa = PBXBuildFile; fileRef = AB947C27197E99DC003BE512 /* XCTest.framework */; };
		AB947C29197E99DC003BE512 /* Foundation.framework in Frameworks */ = {isa = PBXBuildFile; fileRef = AB947C0E197E99DC003BE512 /* Foundation.framework */; };
		AB947C2A197E99DC003BE512 /* UIKit.framework in Frameworks */ = {isa = PBXBuildFile; fileRef = AB947C12197E99DC003BE512 /* UIKit.framework */; };
		AB947C32197E99DC003BE512 /* InfoPlist.strings in Resources */ = {isa = PBXBuildFile; fileRef = AB947C30197E99DC003BE512 /* InfoPlist.strings */; };
		AB947C34197E99DC003BE512 /* My_First_Code_AppTests.m in Sources */ = {isa = PBXBuildFile; fileRef = AB947C33197E99DC003BE512 /* My_First_Code_AppTests.m */; };
		AB947C40197E9E2A003BE512 /* MFCRootViewController.m in Sources */ = {isa = PBXBuildFile; fileRef = AB947C3F197E9E2A003BE512 /* MFCRootViewController.m */; };
/* End PBXBuildFile section */

/* Begin PBXContainerItemProxy section */
		AB947C2B197E99DC003BE512 /* PBXContainerItemProxy */ = {
			isa = PBXContainerItemProxy;
			containerPortal = AB947C03197E99DC003BE512 /* Project object */;
			proxyType = 1;
			remoteGlobalIDString = AB947C0A197E99DC003BE512;
			remoteInfo = "My First Code App";
		};
/* End PBXContainerItemProxy section */

/* Begin PBXFileReference section */
		AB947C0B197E99DC003BE512 /* My First Code App.app */ = {isa = PBXFileReference; explicitFileType = wrapper.application; includeInIndex = 0; path = "My First Code App.app"; sourceTree = BUILT_PRODUCTS_DIR; };
		AB947C0E197E99DC003BE512 /* Foundation.framework */ = {isa = PBXFileReference; lastKnownFileType = wrapper.framework; name = Foundation.framework; path = System/Library/Frameworks/Foundation.framework; sourceTree = SDKROOT; };
		AB947C10197E99DC003BE512 /* CoreGraphics.framework */ = {isa = PBXFileReference; lastKnownFileType = wrapper.framework; name = CoreGraphics.framework; path = System/Library/Frameworks/CoreGraphics.framework; sourceTree = SDKROOT; };
		AB947C12197E99DC003BE512 /* UIKit.framework */ = {isa = PBXFileReference; lastKnownFileType = wrapper.framework; name = UIKit.framework; path = System/Library/Frameworks/UIKit.framework; sourceTree = SDKROOT; };
		AB947C16197E99DC003BE512 /* My First Code App-Info.plist */ = {isa = PBXFileReference; lastKnownFileType = text.plist.xml; path = "My First Code App-Info.plist"; sourceTree = "<group>"; };
		AB947C18197E99DC003BE512 /* en */ = {isa = PBXFileReference; lastKnownFileType = text.plist.strings; name = en; path = en.lproj/InfoPlist.strings; sourceTree = "<group>"; };
		AB947C1A197E99DC003BE512 /* main.m */ = {isa = PBXFileReference; lastKnownFileType = sourcecode.c.objc; path = main.m; sourceTree = "<group>"; };
		AB947C1C197E99DC003BE512 /* My First Code App-Prefix.pch */ = {isa = PBXFileReference; lastKnownFileType = sourcecode.c.h; path = "My First Code App-Prefix.pch"; sourceTree = "<group>"; };
		AB947C1D197E99DC003BE512 /* MFCAppDelegate.h */ = {isa = PBXFileReference; lastKnownFileType = sourcecode.c.h; path = MFCAppDelegate.h; sourceTree = "<group>"; };
		AB947C1E197E99DC003BE512 /* MFCAppDelegate.m */ = {isa = PBXFileReference; lastKnownFileType = sourcecode.c.objc; path = MFCAppDelegate.m; sourceTree = "<group>"; };
		AB947C20197E99DC003BE512 /* Images.xcassets */ = {isa = PBXFileReference; lastKnownFileType = folder.assetcatalog; path = Images.xcassets; sourceTree = "<group>"; };
		AB947C26197E99DC003BE512 /* My First Code AppTests.xctest */ = {isa = PBXFileReference; explicitFileType = wrapper.cfbundle; includeInIndex = 0; path = "My First Code AppTests.xctest"; sourceTree = BUILT_PRODUCTS_DIR; };
		AB947C27197E99DC003BE512 /* XCTest.framework */ = {isa = PBXFileReference; lastKnownFileType = wrapper.framework; name = XCTest.framework; path = Library/Frameworks/XCTest.framework; sourceTree = DEVELOPER_DIR; };
		AB947C2F197E99DC003BE512 /* My First Code AppTests-Info.plist */ = {isa = PBXFileReference; lastKnownFileType = text.plist.xml; path = "My First Code AppTests-Info.plist"; sourceTree = "<group>"; };
		AB947C31197E99DC003BE512 /* en */ = {isa = PBXFileReference; lastKnownFileType = text.plist.strings; name = en; path = en.lproj/InfoPlist.strings; sourceTree = "<group>"; };
		AB947C33197E99DC003BE512 /* My_First_Code_AppTests.m */ = {isa = PBXFileReference; lastKnownFileType = sourcecode.c.objc; path = My_First_Code_AppTests.m; sourceTree = "<group>"; };
		AB947C3E197E9E2A003BE512 /* MFCRootViewController.h */ = {isa = PBXFileReference; fileEncoding = 4; lastKnownFileType = sourcecode.c.h; path = MFCRootViewController.h; sourceTree = "<group>"; };
		AB947C3F197E9E2A003BE512 /* MFCRootViewController.m */ = {isa = PBXFileReference; fileEncoding = 4; lastKnownFileType = sourcecode.c.objc; path = MFCRootViewController.m; sourceTree = "<group>"; };
/* End PBXFileReference section */

/* Begin PBXFrameworksBuildPhase section */
		AB947C08197E99DC003BE512 /* Frameworks */ = {
			isa = PBXFrameworksBuildPhase;
			buildActionMask = 2147483647;
			files = (
				AB947C11197E99DC003BE512 /* CoreGraphics.framework in Frameworks */,
				AB947C13197E99DC003BE512 /* UIKit.framework in Frameworks */,
				AB947C0F197E99DC003BE512 /* Foundation.framework in Frameworks */,
			);
			runOnlyForDeploymentPostprocessing = 0;
		};
		AB947C23197E99DC003BE512 /* Frameworks */ = {
			isa = PBXFrameworksBuildPhase;
			buildActionMask = 2147483647;
			files = (
				AB947C28197E99DC003BE512 /* XCTest.framework in Frameworks */,
				AB947C2A197E99DC003BE512 /* UIKit.framework in Frameworks */,
				AB947C29197E99DC003BE512 /* Foundation.framework in Frameworks */,
			);
			runOnlyForDeploymentPostprocessing = 0;
		};
/* End PBXFrameworksBuildPhase section */

/* Begin PBXGroup section */
		AB947C02197E99DC003BE512 = {
			isa = PBXGroup;
			children = (
				AB947C3D197E9CAC003BE512 /* Controllers */,
				AB947C14197E99DC003BE512 /* My First Code App */,
				AB947C2D197E99DC003BE512 /* My First Code AppTests */,
				AB947C0D197E99DC003BE512 /* Frameworks */,
				AB947C0C197E99DC003BE512 /* Products */,
			);
			sourceTree = "<group>";
		};
		AB947C0C197E99DC003BE512 /* Products */ = {
			isa = PBXGroup;
			children = (
				AB947C0B197E99DC003BE512 /* My First Code App.app */,
				AB947C26197E99DC003BE512 /* My First Code AppTests.xctest */,
			);
			name = Products;
			sourceTree = "<group>";
		};
		AB947C0D197E99DC003BE512 /* Frameworks */ = {
			isa = PBXGroup;
			children = (
				AB947C0E197E99DC003BE512 /* Foundation.framework */,
				AB947C10197E99DC003BE512 /* CoreGraphics.framework */,
				AB947C12197E99DC003BE512 /* UIKit.framework */,
				AB947C27197E99DC003BE512 /* XCTest.framework */,
			);
			name = Frameworks;
			sourceTree = "<group>";
		};
		AB947C14197E99DC003BE512 /* My First Code App */ = {
			isa = PBXGroup;
			children = (
				AB947C1D197E99DC003BE512 /* MFCAppDelegate.h */,
				AB947C1E197E99DC003BE512 /* MFCAppDelegate.m */,
				AB947C20197E99DC003BE512 /* Images.xcassets */,
				AB947C15197E99DC003BE512 /* Supporting Files */,
			);
			path = "My First Code App";
			sourceTree = "<group>";
		};
		AB947C15197E99DC003BE512 /* Supporting Files */ = {
			isa = PBXGroup;
			children = (
				AB947C16197E99DC003BE512 /* My First Code App-Info.plist */,
				AB947C17197E99DC003BE512 /* InfoPlist.strings */,
				AB947C1A197E99DC003BE512 /* main.m */,
				AB947C1C197E99DC003BE512 /* My First Code App-Prefix.pch */,
			);
			name = "Supporting Files";
			sourceTree = "<group>";
		};
		AB947C2D197E99DC003BE512 /* My First Code AppTests */ = {
			isa = PBXGroup;
			children = (
				AB947C33197E99DC003BE512 /* My_First_Code_AppTests.m */,
				AB947C2E197E99DC003BE512 /* Supporting Files */,
			);
			path = "My First Code AppTests";
			sourceTree = "<group>";
		};
		AB947C2E197E99DC003BE512 /* Supporting Files */ = {
			isa = PBXGroup;
			children = (
				AB947C2F197E99DC003BE512 /* My First Code AppTests-Info.plist */,
				AB947C30197E99DC003BE512 /* InfoPlist.strings */,
			);
			name = "Supporting Files";
			sourceTree = "<group>";
		};
		AB947C3D197E9CAC003BE512 /* Controllers */ = {
			isa = PBXGroup;
			children = (
				AB947C3E197E9E2A003BE512 /* MFCRootViewController.h */,
				AB947C3F197E9E2A003BE512 /* MFCRootViewController.m */,
			);
			name = Controllers;
			sourceTree = "<group>";
		};
/* End PBXGroup section */

/* Begin PBXNativeTarget section */
		AB947C0A197E99DC003BE512 /* My First Code App */ = {
			isa = PBXNativeTarget;
			buildConfigurationList = AB947C37197E99DC003BE512 /* Build configuration list for PBXNativeTarget "My First Code App" */;
			buildPhases = (
				AB947C07197E99DC003BE512 /* Sources */,
				AB947C08197E99DC003BE512 /* Frameworks */,
				AB947C09197E99DC003BE512 /* Resources */,
			);
			buildRules = (
			);
			dependencies = (
			);
			name = "My First Code App";
			productName = "My First Code App";
			productReference = AB947C0B197E99DC003BE512 /* My First Code App.app */;
			productType = "com.apple.product-type.application";
		};
		AB947C25197E99DC003BE512 /* My First Code AppTests */ = {
			isa = PBXNativeTarget;
			buildConfigurationList = AB947C3A197E99DC003BE512 /* Build configuration list for PBXNativeTarget "My First Code AppTests" */;
			buildPhases = (
				AB947C22197E99DC003BE512 /* Sources */,
				AB947C23197E99DC003BE512 /* Frameworks */,
				AB947C24197E99DC003BE512 /* Resources */,
			);
			buildRules = (
			);
			dependencies = (
				AB947C2C197E99DC003BE512 /* PBXTargetDependency */,
			);
			name = "My First Code AppTests";
			productName = "My First Code AppTests";
			productReference = AB947C26197E99DC003BE512 /* My First Code AppTests.xctest */;
			productType = "com.apple.product-type.bundle.unit-test";
		};
/* End PBXNativeTarget section */

/* Begin PBXProject section */
		AB947C03197E99DC003BE512 /* Project object */ = {
			isa = PBXProject;
			attributes = {
				CLASSPREFIX = MFC;
				LastUpgradeCheck = 0510;
				ORGANIZATIONNAME = AwesomeAppDev.com;
				TargetAttributes = {
					AB947C25197E99DC003BE512 = {
						TestTargetID = AB947C0A197E99DC003BE512;
					};
				};
			};
			buildConfigurationList = AB947C06197E99DC003BE512 /* Build configuration list for PBXProject "My First Code App" */;
			compatibilityVersion = "Xcode 3.2";
			developmentRegion = English;
			hasScannedForEncodings = 0;
			knownRegions = (
				en,
			);
			mainGroup = AB947C02197E99DC003BE512;
			productRefGroup = AB947C0C197E99DC003BE512 /* Products */;
			projectDirPath = "";
			projectRoot = "";
			targets = (
				AB947C0A197E99DC003BE512 /* My First Code App */,
				AB947C25197E99DC003BE512 /* My First Code AppTests */,
			);
		};
/* End PBXProject section */

/* Begin PBXResourcesBuildPhase section */
		AB947C09197E99DC003BE512 /* Resources */ = {
			isa = PBXResourcesBuildPhase;
			buildActionMask = 2147483647;
			files = (
				AB947C19197E99DC003BE512 /* InfoPlist.strings in Resources */,
				AB947C21197E99DC003BE512 /* Images.xcassets in Resources */,
			);
			runOnlyForDeploymentPostprocessing = 0;
		};
		AB947C24197E99DC003BE512 /* Resources */ = {
			isa = PBXResourcesBuildPhase;
			buildActionMask = 2147483647;
			files = (
				AB947C32197E99DC003BE512 /* InfoPlist.strings in Resources */,
			);
			runOnlyForDeploymentPostprocessing = 0;
		};
/* End PBXResourcesBuildPhase section */

/* Begin PBXSourcesBuildPhase section */
		AB947C07197E99DC003BE512 /* Sources */ = {
			isa = PBXSourcesBuildPhase;
			buildActionMask = 2147483647;
			files = (
				AB947C40197E9E2A003BE512 /* MFCRootViewController.m in Sources */,
				AB947C1B197E99DC003BE512 /* main.m in Sources */,
				AB947C1F197E99DC003BE512 /* MFCAppDelegate.m in Sources */,
			);
			runOnlyForDeploymentPostprocessing = 0;
		};
		AB947C22197E99DC003BE512 /* Sources */ = {
			isa = PBXSourcesBuildPhase;
			buildActionMask = 2147483647;
			files = (
				AB947C34197E99DC003BE512 /* My_First_Code_AppTests.m in Sources */,
			);
			runOnlyForDeploymentPostprocessing = 0;
		};
/* End PBXSourcesBuildPhase section */

/* Begin PBXTargetDependency section */
		AB947C2C197E99DC003BE512 /* PBXTargetDependency */ = {
			isa = PBXTargetDependency;
			target = AB947C0A197E99DC003BE512 /* My First Code App */;
			targetProxy = AB947C2B197E99DC003BE512 /* PBXContainerItemProxy */;
		};
/* End PBXTargetDependency section */

/* Begin PBXVariantGroup section */
		AB947C17197E99DC003BE512 /* InfoPlist.strings */ = {
			isa = PBXVariantGroup;
			children = (
				AB947C18197E99DC003BE512 /* en */,
			);
			name = InfoPlist.strings;
			sourceTree = "<group>";
		};
		AB947C30197E99DC003BE512 /* InfoPlist.strings */ = {
			isa = PBXVariantGroup;
			children = (
				AB947C31197E99DC003BE512 /* en */,
			);
			name = InfoPlist.strings;
			sourceTree = "<group>";
		};
/* End PBXVariantGroup section */

/* Begin XCBuildConfiguration section */
		AB947C35197E99DC003BE512 /* Debug */ = {
			isa = XCBuildConfiguration;
			buildSettings = {
				ALWAYS_SEARCH_USER_PATHS = NO;
				CLANG_CXX_LANGUAGE_STANDARD = "gnu++0x";
				CLANG_CXX_LIBRARY = "libc++";
				CLANG_ENABLE_MODULES = YES;
				CLANG_ENABLE_OBJC_ARC = YES;
				CLANG_WARN_BOOL_CONVERSION = YES;
				CLANG_WARN_CONSTANT_CONVERSION = YES;
				CLANG_WARN_DIRECT_OBJC_ISA_USAGE = YES_ERROR;
				CLANG_WARN_EMPTY_BODY = YES;
				CLANG_WARN_ENUM_CONVERSION = YES;
				CLANG_WARN_INT_CONVERSION = YES;
				CLANG_WARN_OBJC_ROOT_CLASS = YES_ERROR;
				CLANG_WARN__DUPLICATE_METHOD_MATCH = YES;
				"CODE_SIGN_IDENTITY[sdk=iphoneos*]" = "iPhone Developer";
				COPY_PHASE_STRIP = NO;
				GCC_C_LANGUAGE_STANDARD = gnu99;
				GCC_DYNAMIC_NO_PIC = NO;
				GCC_OPTIMIZATION_LEVEL = 0;
				GCC_PREPROCESSOR_DEFINITIONS = (
					"DEBUG=1",
					"$(inherited)",
				);
				GCC_SYMBOLS_PRIVATE_EXTERN = NO;
				GCC_WARN_64_TO_32_BIT_CONVERSION = YES;
				GCC_WARN_ABOUT_RETURN_TYPE = YES_ERROR;
				GCC_WARN_UNDECLARED_SELECTOR = YES;
				GCC_WARN_UNINITIALIZED_AUTOS = YES_AGGRESSIVE;
				GCC_WARN_UNUSED_FUNCTION = YES;
				GCC_WARN_UNUSED_VARIABLE = YES;
				IPHONEOS_DEPLOYMENT_TARGET = 7.1;
				ONLY_ACTIVE_ARCH = YES;
				SDKROOT = iphoneos;
			};
			name = Debug;
		};
		AB947C36197E99DC003BE512 /* Release */ = {
			isa = XCBuildConfiguration;
			buildSettings = {
				ALWAYS_SEARCH_USER_PATHS = NO;
				CLANG_CXX_LANGUAGE_STANDARD = "gnu++0x";
				CLANG_CXX_LIBRARY = "libc++";
				CLANG_ENABLE_MODULES = YES;
				CLANG_ENABLE_OBJC_ARC = YES;
				CLANG_WARN_BOOL_CONVERSION = YES;
				CLANG_WARN_CONSTANT_CONVERSION = YES;
				CLANG_WARN_DIRECT_OBJC_ISA_USAGE = YES_ERROR;
				CLANG_WARN_EMPTY_BODY = YES;
				CLANG_WARN_ENUM_CONVERSION = YES;
				CLANG_WARN_INT_CONVERSION = YES;
				CLANG_WARN_OBJC_ROOT_CLASS = YES_ERROR;
				CLANG_WARN__DUPLICATE_METHOD_MATCH = YES;
				"CODE_SIGN_IDENTITY[sdk=iphoneos*]" = "iPhone Developer";
				COPY_PHASE_STRIP = YES;
				ENABLE_NS_ASSERTIONS = NO;
				GCC_C_LANGUAGE_STANDARD = gnu99;
				GCC_WARN_64_TO_32_BIT_CONVERSION = YES;
				GCC_WARN_ABOUT_RETURN_TYPE = YES_ERROR;
				GCC_WARN_UNDECLARED_SELECTOR = YES;
				GCC_WARN_UNINITIALIZED_AUTOS = YES_AGGRESSIVE;
				GCC_WARN_UNUSED_FUNCTION = YES;
				GCC_WARN_UNUSED_VARIABLE = YES;
				IPHONEOS_DEPLOYMENT_TARGET = 7.1;
				SDKROOT = iphoneos;
				VALIDATE_PRODUCT = YES;
			};
			name = Release;
		};
		AB947C38197E99DC003BE512 /* Debug */ = {
			isa = XCBuildConfiguration;
			buildSettings = {
				ASSETCATALOG_COMPILER_APPICON_NAME = AppIcon;
				ASSETCATALOG_COMPILER_LAUNCHIMAGE_NAME = LaunchImage;
				GCC_PRECOMPILE_PREFIX_HEADER = YES;
				GCC_PREFIX_HEADER = "My First Code App/My First Code App-Prefix.pch";
				INFOPLIST_FILE = "My First Code App/My First Code App-Info.plist";
				PRODUCT_NAME = "$(TARGET_NAME)";
				WRAPPER_EXTENSION = app;
			};
			name = Debug;
		};
		AB947C39197E99DC003BE512 /* Release */ = {
			isa = XCBuildConfiguration;
			buildSettings = {
				ASSETCATALOG_COMPILER_APPICON_NAME = AppIcon;
				ASSETCATALOG_COMPILER_LAUNCHIMAGE_NAME = LaunchImage;
				GCC_PRECOMPILE_PREFIX_HEADER = YES;
				GCC_PREFIX_HEADER = "My First Code App/My First Code App-Prefix.pch";
				INFOPLIST_FILE = "My First Code App/My First Code App-Info.plist";
				PRODUCT_NAME = "$(TARGET_NAME)";
				WRAPPER_EXTENSION = app;
			};
			name = Release;
		};
		AB947C3B197E99DC003BE512 /* Debug */ = {
			isa = XCBuildConfiguration;
			buildSettings = {
				BUNDLE_LOADER = "$(BUILT_PRODUCTS_DIR)/My First Code App.app/My First Code App";
				FRAMEWORK_SEARCH_PATHS = (
					"$(SDKROOT)/Developer/Library/Frameworks",
					"$(inherited)",
					"$(DEVELOPER_FRAMEWORKS_DIR)",
				);
				GCC_PRECOMPILE_PREFIX_HEADER = YES;
				GCC_PREFIX_HEADER = "My First Code App/My First Code App-Prefix.pch";
				GCC_PREPROCESSOR_DEFINITIONS = (
					"DEBUG=1",
					"$(inherited)",
				);
				INFOPLIST_FILE = "My First Code AppTests/My First Code AppTests-Info.plist";
				PRODUCT_NAME = "$(TARGET_NAME)";
				TEST_HOST = "$(BUNDLE_LOADER)";
				WRAPPER_EXTENSION = xctest;
			};
			name = Debug;
		};
		AB947C3C197E99DC003BE512 /* Release */ = {
			isa = XCBuildConfiguration;
			buildSettings = {
				BUNDLE_LOADER = "$(BUILT_PRODUCTS_DIR)/My First Code App.app/My First Code App";
				FRAMEWORK_SEARCH_PATHS = (
					"$(SDKROOT)/Developer/Library/Frameworks",
					"$(inherited)",
					"$(DEVELOPER_FRAMEWORKS_DIR)",
				);
				GCC_PRECOMPILE_PREFIX_HEADER = YES;
				GCC_PREFIX_HEADER = "My First Code App/My First Code App-Prefix.pch";
				INFOPLIST_FILE = "My First Code AppTests/My First Code AppTests-Info.plist";
				PRODUCT_NAME = "$(TARGET_NAME)";
				TEST_HOST = "$(BUNDLE_LOADER)";
				WRAPPER_EXTENSION = xctest;
			};
			name = Release;
		};
/* End XCBuildConfiguration section */

/* Begin XCConfigurationList section */
		AB947C06197E99DC003BE512 /* Build configuration list for PBXProject "My First Code App" */ = {
			isa = XCConfigurationList;
			buildConfigurations = (
				AB947C35197E99DC003BE512 /* Debug */,
				AB947C36197E99DC003BE512 /* Release */,
			);
			defaultConfigurationIsVisible = 0;
			defaultConfigurationName = Release;
		};
		AB947C37197E99DC003BE512 /* Build configuration list for PBXNativeTarget "My First Code App" */ = {
			isa = XCConfigurationList;
			buildConfigurations = (
				AB947C38197E99DC003BE512 /* Debug */,
				AB947C39197E99DC003BE512 /* Release */,
			);
			defaultConfigurationIsVisible = 0;
		};
		AB947C3A197E99DC003BE512 /* Build configuration list for PBXNativeTarget "My First Code AppTests" */ = {
			isa = XCConfigurationList;
			buildConfigurations = (
				AB947C3B197E99DC003BE512 /* Debug */,
				AB947C3C197E99DC003BE512 /* Release */,
			);
			defaultConfigurationIsVisible = 0;
		};
/* End XCConfigurationList section */
	};
	rootObject = AB947C03197E99DC003BE512 /* Project object */;
}
